// !$*UTF8*$!
{
	archiveVersion = 1;
	classes = {
	};
	objectVersion = 56;
	objects = {

/* Begin PBXBuildFile section */
		2566F5272B898C7D00CAD739 /* EnvironmentValues+Extension.swift in Sources */ = {isa = PBXBuildFile; fileRef = 2566F5262B898C7D00CAD739 /* EnvironmentValues+Extension.swift */; };
		2566F5292B898CE400CAD739 /* ViewModelProvider.swift in Sources */ = {isa = PBXBuildFile; fileRef = 2566F5282B898CE400CAD739 /* ViewModelProvider.swift */; };
		2566F52B2B898D6300CAD739 /* DIFactory.swift in Sources */ = {isa = PBXBuildFile; fileRef = 2566F52A2B898D6300CAD739 /* DIFactory.swift */; };
		2566F52D2B89943E00CAD739 /* Color+Extension.swift in Sources */ = {isa = PBXBuildFile; fileRef = 2566F52C2B89943E00CAD739 /* Color+Extension.swift */; };
		2566F5312B89F54D00CAD739 /* EmailRegistrationView.swift in Sources */ = {isa = PBXBuildFile; fileRef = 2566F5302B89F54D00CAD739 /* EmailRegistrationView.swift */; };
		2566F5362B89F62A00CAD739 /* LoadingView.swift in Sources */ = {isa = PBXBuildFile; fileRef = 2566F5352B89F62A00CAD739 /* LoadingView.swift */; };
		2566F5382B89F75B00CAD739 /* EmailRegistrationViewModel.swift in Sources */ = {isa = PBXBuildFile; fileRef = 2566F5372B89F75B00CAD739 /* EmailRegistrationViewModel.swift */; };
		2566F53B2B89FB4900CAD739 /* OneTimeCodeView.swift in Sources */ = {isa = PBXBuildFile; fileRef = 2566F53A2B89FB4900CAD739 /* OneTimeCodeView.swift */; };
		2566F53D2B8A148100CAD739 /* OneTimeCodeViewModel.swift in Sources */ = {isa = PBXBuildFile; fileRef = 2566F53C2B8A148100CAD739 /* OneTimeCodeViewModel.swift */; };
		2566F53F2B8A152400CAD739 /* Constants.swift in Sources */ = {isa = PBXBuildFile; fileRef = 2566F53E2B8A152400CAD739 /* Constants.swift */; };
		2566F5412B8A16CE00CAD739 /* EmailRegistrationUseCase.swift in Sources */ = {isa = PBXBuildFile; fileRef = 2566F5402B8A16CE00CAD739 /* EmailRegistrationUseCase.swift */; };
		2566F5432B8A176A00CAD739 /* APIError.swift in Sources */ = {isa = PBXBuildFile; fileRef = 2566F5422B8A176A00CAD739 /* APIError.swift */; };
		2566F5462B8AA63D00CAD739 /* UIViewControllerLifeCycleRepresentable.swift in Sources */ = {isa = PBXBuildFile; fileRef = 2566F5452B8AA63D00CAD739 /* UIViewControllerLifeCycleRepresentable.swift */; };
		2566F5482B8AA66D00CAD739 /* View+Extension.swift in Sources */ = {isa = PBXBuildFile; fileRef = 2566F5472B8AA66D00CAD739 /* View+Extension.swift */; };
		2566F54A2B8AADF300CAD739 /* OneTimeCodeUseCase.swift in Sources */ = {isa = PBXBuildFile; fileRef = 2566F5492B8AADF300CAD739 /* OneTimeCodeUseCase.swift */; };
		2583F2472B6F6CD400E68CAD /* FeedView.swift in Sources */ = {isa = PBXBuildFile; fileRef = 2583F2462B6F6CD400E68CAD /* FeedView.swift */; };
		259B51BD2B860A8B00978256 /* LoginView.swift in Sources */ = {isa = PBXBuildFile; fileRef = 259B51BC2B860A8B00978256 /* LoginView.swift */; };
		259B51BF2B860B5300978256 /* LoginViewModel.swift in Sources */ = {isa = PBXBuildFile; fileRef = 259B51BE2B860B5300978256 /* LoginViewModel.swift */; };
		259B51C22B860CA000978256 /* RoundButton.swift in Sources */ = {isa = PBXBuildFile; fileRef = 259B51C12B860CA000978256 /* RoundButton.swift */; };
		69EC79352B8ABE750096AA55 /* PasswordRegistrationView.swift in Sources */ = {isa = PBXBuildFile; fileRef = 69EC79342B8ABE750096AA55 /* PasswordRegistrationView.swift */; };
		69EC79372B8ABEA90096AA55 /* PasswordRegistrationViewModel.swift in Sources */ = {isa = PBXBuildFile; fileRef = 69EC79362B8ABEA90096AA55 /* PasswordRegistrationViewModel.swift */; };
		69EC79392B8AC07A0096AA55 /* CreateUserRepository.swift in Sources */ = {isa = PBXBuildFile; fileRef = 69EC79382B8AC07A0096AA55 /* CreateUserRepository.swift */; };
		69EC793B2B8AC0BF0096AA55 /* PasswordRegistrationUseCase.swift in Sources */ = {isa = PBXBuildFile; fileRef = 69EC793A2B8AC0BF0096AA55 /* PasswordRegistrationUseCase.swift */; };
		69EC793F2B8AC78C0096AA55 /* HeaderView.swift in Sources */ = {isa = PBXBuildFile; fileRef = 69EC793E2B8AC78C0096AA55 /* HeaderView.swift */; };
		69EC79482B8ACFA20096AA55 /* LoginUseCase.swift in Sources */ = {isa = PBXBuildFile; fileRef = 69EC79472B8ACFA20096AA55 /* LoginUseCase.swift */; };
		69EC794B2B8B61EA0096AA55 /* NameRegistrationView.swift in Sources */ = {isa = PBXBuildFile; fileRef = 69EC794A2B8B61EA0096AA55 /* NameRegistrationView.swift */; };
		69EC794D2B8B61F10096AA55 /* NameRegistrationViewModel.swift in Sources */ = {isa = PBXBuildFile; fileRef = 69EC794C2B8B61F10096AA55 /* NameRegistrationViewModel.swift */; };
		69EC794F2B8B644F0096AA55 /* NameRegistrationUseCase.swift in Sources */ = {isa = PBXBuildFile; fileRef = 69EC794E2B8B644F0096AA55 /* NameRegistrationUseCase.swift */; };
		E4C6BE132B6F68EE003B56AD /* CHEPICSApp.swift in Sources */ = {isa = PBXBuildFile; fileRef = E4C6BE122B6F68EE003B56AD /* CHEPICSApp.swift */; };
		E4C6BE152B6F68EE003B56AD /* ContentView.swift in Sources */ = {isa = PBXBuildFile; fileRef = E4C6BE142B6F68EE003B56AD /* ContentView.swift */; };
		E4C6BE172B6F68F2003B56AD /* Assets.xcassets in Resources */ = {isa = PBXBuildFile; fileRef = E4C6BE162B6F68F2003B56AD /* Assets.xcassets */; };
		E4C6BE1A2B6F68F2003B56AD /* Preview Assets.xcassets in Resources */ = {isa = PBXBuildFile; fileRef = E4C6BE192B6F68F2003B56AD /* Preview Assets.xcassets */; };
		E4C6BE242B6F68F3003B56AD /* CHEPICSTests.swift in Sources */ = {isa = PBXBuildFile; fileRef = E4C6BE232B6F68F3003B56AD /* CHEPICSTests.swift */; };
		E4C6BE2E2B6F68F3003B56AD /* CHEPICSUITests.swift in Sources */ = {isa = PBXBuildFile; fileRef = E4C6BE2D2B6F68F3003B56AD /* CHEPICSUITests.swift */; };
		E4C6BE302B6F68F3003B56AD /* CHEPICSUITestsLaunchTests.swift in Sources */ = {isa = PBXBuildFile; fileRef = E4C6BE2F2B6F68F3003B56AD /* CHEPICSUITestsLaunchTests.swift */; };
/* End PBXBuildFile section */

/* Begin PBXContainerItemProxy section */
		E4C6BE202B6F68F3003B56AD /* PBXContainerItemProxy */ = {
			isa = PBXContainerItemProxy;
			containerPortal = E4C6BE072B6F68ED003B56AD /* Project object */;
			proxyType = 1;
			remoteGlobalIDString = E4C6BE0E2B6F68EE003B56AD;
			remoteInfo = CHEPICS;
		};
		E4C6BE2A2B6F68F3003B56AD /* PBXContainerItemProxy */ = {
			isa = PBXContainerItemProxy;
			containerPortal = E4C6BE072B6F68ED003B56AD /* Project object */;
			proxyType = 1;
			remoteGlobalIDString = E4C6BE0E2B6F68EE003B56AD;
			remoteInfo = CHEPICS;
		};
/* End PBXContainerItemProxy section */

/* Begin PBXFileReference section */
		2566F5262B898C7D00CAD739 /* EnvironmentValues+Extension.swift */ = {isa = PBXFileReference; lastKnownFileType = sourcecode.swift; path = "EnvironmentValues+Extension.swift"; sourceTree = "<group>"; };
		2566F5282B898CE400CAD739 /* ViewModelProvider.swift */ = {isa = PBXFileReference; lastKnownFileType = sourcecode.swift; path = ViewModelProvider.swift; sourceTree = "<group>"; };
		2566F52A2B898D6300CAD739 /* DIFactory.swift */ = {isa = PBXFileReference; lastKnownFileType = sourcecode.swift; path = DIFactory.swift; sourceTree = "<group>"; };
		2566F52C2B89943E00CAD739 /* Color+Extension.swift */ = {isa = PBXFileReference; lastKnownFileType = sourcecode.swift; path = "Color+Extension.swift"; sourceTree = "<group>"; };
		2566F5302B89F54D00CAD739 /* EmailRegistrationView.swift */ = {isa = PBXFileReference; lastKnownFileType = sourcecode.swift; path = EmailRegistrationView.swift; sourceTree = "<group>"; };
		2566F5352B89F62A00CAD739 /* LoadingView.swift */ = {isa = PBXFileReference; lastKnownFileType = sourcecode.swift; path = LoadingView.swift; sourceTree = "<group>"; };
		2566F5372B89F75B00CAD739 /* EmailRegistrationViewModel.swift */ = {isa = PBXFileReference; lastKnownFileType = sourcecode.swift; path = EmailRegistrationViewModel.swift; sourceTree = "<group>"; };
		2566F53A2B89FB4900CAD739 /* OneTimeCodeView.swift */ = {isa = PBXFileReference; lastKnownFileType = sourcecode.swift; path = OneTimeCodeView.swift; sourceTree = "<group>"; };
		2566F53C2B8A148100CAD739 /* OneTimeCodeViewModel.swift */ = {isa = PBXFileReference; lastKnownFileType = sourcecode.swift; path = OneTimeCodeViewModel.swift; sourceTree = "<group>"; };
		2566F53E2B8A152400CAD739 /* Constants.swift */ = {isa = PBXFileReference; lastKnownFileType = sourcecode.swift; path = Constants.swift; sourceTree = "<group>"; };
		2566F5402B8A16CE00CAD739 /* EmailRegistrationUseCase.swift */ = {isa = PBXFileReference; lastKnownFileType = sourcecode.swift; path = EmailRegistrationUseCase.swift; sourceTree = "<group>"; };
		2566F5422B8A176A00CAD739 /* APIError.swift */ = {isa = PBXFileReference; lastKnownFileType = sourcecode.swift; path = APIError.swift; sourceTree = "<group>"; };
		2566F5452B8AA63D00CAD739 /* UIViewControllerLifeCycleRepresentable.swift */ = {isa = PBXFileReference; lastKnownFileType = sourcecode.swift; path = UIViewControllerLifeCycleRepresentable.swift; sourceTree = "<group>"; };
		2566F5472B8AA66D00CAD739 /* View+Extension.swift */ = {isa = PBXFileReference; lastKnownFileType = sourcecode.swift; path = "View+Extension.swift"; sourceTree = "<group>"; };
		2566F5492B8AADF300CAD739 /* OneTimeCodeUseCase.swift */ = {isa = PBXFileReference; lastKnownFileType = sourcecode.swift; path = OneTimeCodeUseCase.swift; sourceTree = "<group>"; };
		2583F2462B6F6CD400E68CAD /* FeedView.swift */ = {isa = PBXFileReference; lastKnownFileType = sourcecode.swift; path = FeedView.swift; sourceTree = "<group>"; };
		259B51BC2B860A8B00978256 /* LoginView.swift */ = {isa = PBXFileReference; lastKnownFileType = sourcecode.swift; path = LoginView.swift; sourceTree = "<group>"; };
		259B51BE2B860B5300978256 /* LoginViewModel.swift */ = {isa = PBXFileReference; lastKnownFileType = sourcecode.swift; path = LoginViewModel.swift; sourceTree = "<group>"; };
		259B51C12B860CA000978256 /* RoundButton.swift */ = {isa = PBXFileReference; lastKnownFileType = sourcecode.swift; path = RoundButton.swift; sourceTree = "<group>"; };
		69EC79342B8ABE750096AA55 /* PasswordRegistrationView.swift */ = {isa = PBXFileReference; lastKnownFileType = sourcecode.swift; path = PasswordRegistrationView.swift; sourceTree = "<group>"; };
		69EC79362B8ABEA90096AA55 /* PasswordRegistrationViewModel.swift */ = {isa = PBXFileReference; lastKnownFileType = sourcecode.swift; path = PasswordRegistrationViewModel.swift; sourceTree = "<group>"; };
		69EC79382B8AC07A0096AA55 /* CreateUserRepository.swift */ = {isa = PBXFileReference; lastKnownFileType = sourcecode.swift; name = CreateUserRepository.swift; path = CHEPICS/Feature/Authentication/PasswordRegistration/CreateUserRepository.swift; sourceTree = SOURCE_ROOT; };
		69EC793A2B8AC0BF0096AA55 /* PasswordRegistrationUseCase.swift */ = {isa = PBXFileReference; lastKnownFileType = sourcecode.swift; path = PasswordRegistrationUseCase.swift; sourceTree = "<group>"; };
		69EC793E2B8AC78C0096AA55 /* HeaderView.swift */ = {isa = PBXFileReference; lastKnownFileType = sourcecode.swift; path = HeaderView.swift; sourceTree = "<group>"; };
		69EC79472B8ACFA20096AA55 /* LoginUseCase.swift */ = {isa = PBXFileReference; lastKnownFileType = sourcecode.swift; path = LoginUseCase.swift; sourceTree = "<group>"; };
		69EC794A2B8B61EA0096AA55 /* NameRegistrationView.swift */ = {isa = PBXFileReference; lastKnownFileType = sourcecode.swift; path = NameRegistrationView.swift; sourceTree = "<group>"; };
		69EC794C2B8B61F10096AA55 /* NameRegistrationViewModel.swift */ = {isa = PBXFileReference; lastKnownFileType = sourcecode.swift; path = NameRegistrationViewModel.swift; sourceTree = "<group>"; };
		69EC794E2B8B644F0096AA55 /* NameRegistrationUseCase.swift */ = {isa = PBXFileReference; lastKnownFileType = sourcecode.swift; path = NameRegistrationUseCase.swift; sourceTree = "<group>"; };
		E4C6BE0F2B6F68EE003B56AD /* CHEPICS.app */ = {isa = PBXFileReference; explicitFileType = wrapper.application; includeInIndex = 0; path = CHEPICS.app; sourceTree = BUILT_PRODUCTS_DIR; };
		E4C6BE122B6F68EE003B56AD /* CHEPICSApp.swift */ = {isa = PBXFileReference; lastKnownFileType = sourcecode.swift; path = CHEPICSApp.swift; sourceTree = "<group>"; };
		E4C6BE142B6F68EE003B56AD /* ContentView.swift */ = {isa = PBXFileReference; lastKnownFileType = sourcecode.swift; path = ContentView.swift; sourceTree = "<group>"; };
		E4C6BE162B6F68F2003B56AD /* Assets.xcassets */ = {isa = PBXFileReference; lastKnownFileType = folder.assetcatalog; path = Assets.xcassets; sourceTree = "<group>"; };
		E4C6BE192B6F68F2003B56AD /* Preview Assets.xcassets */ = {isa = PBXFileReference; lastKnownFileType = folder.assetcatalog; path = "Preview Assets.xcassets"; sourceTree = "<group>"; };
		E4C6BE1F2B6F68F3003B56AD /* CHEPICSTests.xctest */ = {isa = PBXFileReference; explicitFileType = wrapper.cfbundle; includeInIndex = 0; path = CHEPICSTests.xctest; sourceTree = BUILT_PRODUCTS_DIR; };
		E4C6BE232B6F68F3003B56AD /* CHEPICSTests.swift */ = {isa = PBXFileReference; lastKnownFileType = sourcecode.swift; path = CHEPICSTests.swift; sourceTree = "<group>"; };
		E4C6BE292B6F68F3003B56AD /* CHEPICSUITests.xctest */ = {isa = PBXFileReference; explicitFileType = wrapper.cfbundle; includeInIndex = 0; path = CHEPICSUITests.xctest; sourceTree = BUILT_PRODUCTS_DIR; };
		E4C6BE2D2B6F68F3003B56AD /* CHEPICSUITests.swift */ = {isa = PBXFileReference; lastKnownFileType = sourcecode.swift; path = CHEPICSUITests.swift; sourceTree = "<group>"; };
		E4C6BE2F2B6F68F3003B56AD /* CHEPICSUITestsLaunchTests.swift */ = {isa = PBXFileReference; lastKnownFileType = sourcecode.swift; path = CHEPICSUITestsLaunchTests.swift; sourceTree = "<group>"; };
/* End PBXFileReference section */

/* Begin PBXFrameworksBuildPhase section */
		E4C6BE0C2B6F68EE003B56AD /* Frameworks */ = {
			isa = PBXFrameworksBuildPhase;
			buildActionMask = 2147483647;
			files = (
			);
			runOnlyForDeploymentPostprocessing = 0;
		};
		E4C6BE1C2B6F68F3003B56AD /* Frameworks */ = {
			isa = PBXFrameworksBuildPhase;
			buildActionMask = 2147483647;
			files = (
			);
			runOnlyForDeploymentPostprocessing = 0;
		};
		E4C6BE262B6F68F3003B56AD /* Frameworks */ = {
			isa = PBXFrameworksBuildPhase;
			buildActionMask = 2147483647;
			files = (
			);
			runOnlyForDeploymentPostprocessing = 0;
		};
/* End PBXFrameworksBuildPhase section */

/* Begin PBXGroup section */
		2566F5252B898C5400CAD739 /* Extension */ = {
			isa = PBXGroup;
			children = (
				2566F5262B898C7D00CAD739 /* EnvironmentValues+Extension.swift */,
				2566F52C2B89943E00CAD739 /* Color+Extension.swift */,
			);
			path = Extension;
			sourceTree = "<group>";
		};
		2566F52E2B89976300CAD739 /* Login */ = {
			isa = PBXGroup;
			children = (
				259B51BC2B860A8B00978256 /* LoginView.swift */,
				259B51BE2B860B5300978256 /* LoginViewModel.swift */,
			);
			path = Login;
			sourceTree = "<group>";
		};
		2566F52F2B89976D00CAD739 /* EmailRegistration */ = {
			isa = PBXGroup;
			children = (
				2566F5302B89F54D00CAD739 /* EmailRegistrationView.swift */,
				2566F5372B89F75B00CAD739 /* EmailRegistrationViewModel.swift */,
			);
			path = EmailRegistration;
			sourceTree = "<group>";
		};
		2566F5322B89F5E900CAD739 /* Common */ = {
			isa = PBXGroup;
			children = (
				2566F5352B89F62A00CAD739 /* LoadingView.swift */,
			);
			path = Common;
			sourceTree = "<group>";
		};
		2566F5392B89FB1800CAD739 /* OneTimeCode */ = {
			isa = PBXGroup;
			children = (
				2566F53A2B89FB4900CAD739 /* OneTimeCodeView.swift */,
				2566F53C2B8A148100CAD739 /* OneTimeCodeViewModel.swift */,
			);
			path = OneTimeCode;
			sourceTree = "<group>";
		};
		2566F5442B8AA62100CAD739 /* UICommon */ = {
			isa = PBXGroup;
			children = (
				2566F5452B8AA63D00CAD739 /* UIViewControllerLifeCycleRepresentable.swift */,
				2566F5472B8AA66D00CAD739 /* View+Extension.swift */,
			);
			path = UICommon;
			sourceTree = "<group>";
		};
		2583F23C2B6F6B2400E68CAD /* Feature */ = {
			isa = PBXGroup;
			children = (
				2566F5322B89F5E900CAD739 /* Common */,
				2566F5252B898C5400CAD739 /* Extension */,
				259B51BA2B860A5B00978256 /* Authentication */,
				2583F2442B6F6CBF00E68CAD /* Feed */,
				2566F5282B898CE400CAD739 /* ViewModelProvider.swift */,
				2566F53E2B8A152400CAD739 /* Constants.swift */,
			);
			path = Feature;
			sourceTree = "<group>";
		};
		2583F23D2B6F6B2B00E68CAD /* UseCase */ = {
			isa = PBXGroup;
			children = (
				69EC79322B8ABDE10096AA55 /* Authentication */,
			);
			path = UseCase;
			sourceTree = "<group>";
		};
		2583F23E2B6F6B4400E68CAD /* Repository */ = {
			isa = PBXGroup;
			children = (
				2583F2402B6F6B5C00E68CAD /* DataSource */,
				69EC79382B8AC07A0096AA55 /* CreateUserRepository.swift */,
			);
			path = Repository;
			sourceTree = "<group>";
		};
		2583F23F2B6F6B5700E68CAD /* Infra */ = {
			isa = PBXGroup;
			children = (
				2583F2412B6F6B6200E68CAD /* LocalSource */,
				2583F2422B6F6B6700E68CAD /* RemoteSource */,
			);
			path = Infra;
			sourceTree = "<group>";
		};
		2583F2402B6F6B5C00E68CAD /* DataSource */ = {
			isa = PBXGroup;
			children = (
			);
			path = DataSource;
			sourceTree = "<group>";
		};
		2583F2412B6F6B6200E68CAD /* LocalSource */ = {
			isa = PBXGroup;
			children = (
			);
			path = LocalSource;
			sourceTree = "<group>";
		};
		2583F2422B6F6B6700E68CAD /* RemoteSource */ = {
			isa = PBXGroup;
			children = (
			);
			path = RemoteSource;
			sourceTree = "<group>";
		};
		2583F2432B6F6B9400E68CAD /* DomainModel */ = {
			isa = PBXGroup;
			children = (
				2566F5422B8A176A00CAD739 /* APIError.swift */,
			);
			path = DomainModel;
			sourceTree = "<group>";
		};
		2583F2442B6F6CBF00E68CAD /* Feed */ = {
			isa = PBXGroup;
			children = (
				2583F2462B6F6CD400E68CAD /* FeedView.swift */,
			);
			path = Feed;
			sourceTree = "<group>";
		};
		259B51BA2B860A5B00978256 /* Authentication */ = {
			isa = PBXGroup;
			children = (
				69EC79492B8B61D80096AA55 /* NameRegistration */,
				69EC79332B8ABE610096AA55 /* PasswordRegistration */,
				2566F5392B89FB1800CAD739 /* OneTimeCode */,
				2566F52F2B89976D00CAD739 /* EmailRegistration */,
				2566F52E2B89976300CAD739 /* Login */,
				259B51C02B860C7000978256 /* ViewParts */,
			);
			path = Authentication;
			sourceTree = "<group>";
		};
		259B51C02B860C7000978256 /* ViewParts */ = {
			isa = PBXGroup;
			children = (
				259B51C12B860CA000978256 /* RoundButton.swift */,
				69EC793E2B8AC78C0096AA55 /* HeaderView.swift */,
			);
			path = ViewParts;
			sourceTree = "<group>";
		};
		69EC79322B8ABDE10096AA55 /* Authentication */ = {
			isa = PBXGroup;
			children = (
				2566F5402B8A16CE00CAD739 /* EmailRegistrationUseCase.swift */,
				2566F5492B8AADF300CAD739 /* OneTimeCodeUseCase.swift */,
				69EC793A2B8AC0BF0096AA55 /* PasswordRegistrationUseCase.swift */,
				69EC79472B8ACFA20096AA55 /* LoginUseCase.swift */,
				69EC794E2B8B644F0096AA55 /* NameRegistrationUseCase.swift */,
			);
			path = Authentication;
			sourceTree = "<group>";
		};
		69EC79332B8ABE610096AA55 /* PasswordRegistration */ = {
			isa = PBXGroup;
			children = (
				69EC79342B8ABE750096AA55 /* PasswordRegistrationView.swift */,
				69EC79362B8ABEA90096AA55 /* PasswordRegistrationViewModel.swift */,
			);
			path = PasswordRegistration;
			sourceTree = "<group>";
		};
		69EC79492B8B61D80096AA55 /* NameRegistration */ = {
			isa = PBXGroup;
			children = (
				69EC794A2B8B61EA0096AA55 /* NameRegistrationView.swift */,
				69EC794C2B8B61F10096AA55 /* NameRegistrationViewModel.swift */,
			);
			path = NameRegistration;
			sourceTree = "<group>";
		};
		E4C6BE062B6F68ED003B56AD = {
			isa = PBXGroup;
			children = (
				E4C6BE112B6F68EE003B56AD /* CHEPICS */,
				E4C6BE222B6F68F3003B56AD /* CHEPICSTests */,
				E4C6BE2C2B6F68F3003B56AD /* CHEPICSUITests */,
				E4C6BE102B6F68EE003B56AD /* Products */,
			);
			sourceTree = "<group>";
		};
		E4C6BE102B6F68EE003B56AD /* Products */ = {
			isa = PBXGroup;
			children = (
				E4C6BE0F2B6F68EE003B56AD /* CHEPICS.app */,
				E4C6BE1F2B6F68F3003B56AD /* CHEPICSTests.xctest */,
				E4C6BE292B6F68F3003B56AD /* CHEPICSUITests.xctest */,
			);
			name = Products;
			sourceTree = "<group>";
		};
		E4C6BE112B6F68EE003B56AD /* CHEPICS */ = {
			isa = PBXGroup;
			children = (
				2566F5442B8AA62100CAD739 /* UICommon */,
				2583F2432B6F6B9400E68CAD /* DomainModel */,
				2583F23F2B6F6B5700E68CAD /* Infra */,
				2583F23C2B6F6B2400E68CAD /* Feature */,
				2583F23E2B6F6B4400E68CAD /* Repository */,
				2583F23D2B6F6B2B00E68CAD /* UseCase */,
				E4C6BE122B6F68EE003B56AD /* CHEPICSApp.swift */,
				E4C6BE142B6F68EE003B56AD /* ContentView.swift */,
				E4C6BE162B6F68F2003B56AD /* Assets.xcassets */,
				E4C6BE182B6F68F2003B56AD /* Preview Content */,
				2566F52A2B898D6300CAD739 /* DIFactory.swift */,
			);
			path = CHEPICS;
			sourceTree = "<group>";
		};
		E4C6BE182B6F68F2003B56AD /* Preview Content */ = {
			isa = PBXGroup;
			children = (
				E4C6BE192B6F68F2003B56AD /* Preview Assets.xcassets */,
			);
			path = "Preview Content";
			sourceTree = "<group>";
		};
		E4C6BE222B6F68F3003B56AD /* CHEPICSTests */ = {
			isa = PBXGroup;
			children = (
				E4C6BE232B6F68F3003B56AD /* CHEPICSTests.swift */,
			);
			path = CHEPICSTests;
			sourceTree = "<group>";
		};
		E4C6BE2C2B6F68F3003B56AD /* CHEPICSUITests */ = {
			isa = PBXGroup;
			children = (
				E4C6BE2D2B6F68F3003B56AD /* CHEPICSUITests.swift */,
				E4C6BE2F2B6F68F3003B56AD /* CHEPICSUITestsLaunchTests.swift */,
			);
			path = CHEPICSUITests;
			sourceTree = "<group>";
		};
/* End PBXGroup section */

/* Begin PBXNativeTarget section */
		E4C6BE0E2B6F68EE003B56AD /* CHEPICS */ = {
			isa = PBXNativeTarget;
			buildConfigurationList = E4C6BE332B6F68F3003B56AD /* Build configuration list for PBXNativeTarget "CHEPICS" */;
			buildPhases = (
				E4C6BE0B2B6F68EE003B56AD /* Sources */,
				E4C6BE0C2B6F68EE003B56AD /* Frameworks */,
				E4C6BE0D2B6F68EE003B56AD /* Resources */,
			);
			buildRules = (
			);
			dependencies = (
			);
			name = CHEPICS;
			productName = CHEPICS;
			productReference = E4C6BE0F2B6F68EE003B56AD /* CHEPICS.app */;
			productType = "com.apple.product-type.application";
		};
		E4C6BE1E2B6F68F3003B56AD /* CHEPICSTests */ = {
			isa = PBXNativeTarget;
			buildConfigurationList = E4C6BE362B6F68F3003B56AD /* Build configuration list for PBXNativeTarget "CHEPICSTests" */;
			buildPhases = (
				E4C6BE1B2B6F68F3003B56AD /* Sources */,
				E4C6BE1C2B6F68F3003B56AD /* Frameworks */,
				E4C6BE1D2B6F68F3003B56AD /* Resources */,
			);
			buildRules = (
			);
			dependencies = (
				E4C6BE212B6F68F3003B56AD /* PBXTargetDependency */,
			);
			name = CHEPICSTests;
			productName = CHEPICSTests;
			productReference = E4C6BE1F2B6F68F3003B56AD /* CHEPICSTests.xctest */;
			productType = "com.apple.product-type.bundle.unit-test";
		};
		E4C6BE282B6F68F3003B56AD /* CHEPICSUITests */ = {
			isa = PBXNativeTarget;
			buildConfigurationList = E4C6BE392B6F68F3003B56AD /* Build configuration list for PBXNativeTarget "CHEPICSUITests" */;
			buildPhases = (
				E4C6BE252B6F68F3003B56AD /* Sources */,
				E4C6BE262B6F68F3003B56AD /* Frameworks */,
				E4C6BE272B6F68F3003B56AD /* Resources */,
			);
			buildRules = (
			);
			dependencies = (
				E4C6BE2B2B6F68F3003B56AD /* PBXTargetDependency */,
			);
			name = CHEPICSUITests;
			productName = CHEPICSUITests;
			productReference = E4C6BE292B6F68F3003B56AD /* CHEPICSUITests.xctest */;
			productType = "com.apple.product-type.bundle.ui-testing";
		};
/* End PBXNativeTarget section */

/* Begin PBXProject section */
		E4C6BE072B6F68ED003B56AD /* Project object */ = {
			isa = PBXProject;
			attributes = {
				BuildIndependentTargetsInParallel = 1;
				LastSwiftUpdateCheck = 1510;
				LastUpgradeCheck = 1510;
				TargetAttributes = {
					E4C6BE0E2B6F68EE003B56AD = {
						CreatedOnToolsVersion = 15.1;
					};
					E4C6BE1E2B6F68F3003B56AD = {
						CreatedOnToolsVersion = 15.1;
						TestTargetID = E4C6BE0E2B6F68EE003B56AD;
					};
					E4C6BE282B6F68F3003B56AD = {
						CreatedOnToolsVersion = 15.1;
						TestTargetID = E4C6BE0E2B6F68EE003B56AD;
					};
				};
			};
			buildConfigurationList = E4C6BE0A2B6F68ED003B56AD /* Build configuration list for PBXProject "CHEPICS" */;
			compatibilityVersion = "Xcode 14.0";
			developmentRegion = en;
			hasScannedForEncodings = 0;
			knownRegions = (
				en,
				Base,
			);
			mainGroup = E4C6BE062B6F68ED003B56AD;
			productRefGroup = E4C6BE102B6F68EE003B56AD /* Products */;
			projectDirPath = "";
			projectRoot = "";
			targets = (
				E4C6BE0E2B6F68EE003B56AD /* CHEPICS */,
				E4C6BE1E2B6F68F3003B56AD /* CHEPICSTests */,
				E4C6BE282B6F68F3003B56AD /* CHEPICSUITests */,
			);
		};
/* End PBXProject section */

/* Begin PBXResourcesBuildPhase section */
		E4C6BE0D2B6F68EE003B56AD /* Resources */ = {
			isa = PBXResourcesBuildPhase;
			buildActionMask = 2147483647;
			files = (
				E4C6BE1A2B6F68F2003B56AD /* Preview Assets.xcassets in Resources */,
				E4C6BE172B6F68F2003B56AD /* Assets.xcassets in Resources */,
			);
			runOnlyForDeploymentPostprocessing = 0;
		};
		E4C6BE1D2B6F68F3003B56AD /* Resources */ = {
			isa = PBXResourcesBuildPhase;
			buildActionMask = 2147483647;
			files = (
			);
			runOnlyForDeploymentPostprocessing = 0;
		};
		E4C6BE272B6F68F3003B56AD /* Resources */ = {
			isa = PBXResourcesBuildPhase;
			buildActionMask = 2147483647;
			files = (
			);
			runOnlyForDeploymentPostprocessing = 0;
		};
/* End PBXResourcesBuildPhase section */

/* Begin PBXSourcesBuildPhase section */
		E4C6BE0B2B6F68EE003B56AD /* Sources */ = {
			isa = PBXSourcesBuildPhase;
			buildActionMask = 2147483647;
			files = (
				69EC794B2B8B61EA0096AA55 /* NameRegistrationView.swift in Sources */,
				2566F53D2B8A148100CAD739 /* OneTimeCodeViewModel.swift in Sources */,
				2566F5312B89F54D00CAD739 /* EmailRegistrationView.swift in Sources */,
				2566F5482B8AA66D00CAD739 /* View+Extension.swift in Sources */,
				2566F5382B89F75B00CAD739 /* EmailRegistrationViewModel.swift in Sources */,
				259B51C22B860CA000978256 /* RoundButton.swift in Sources */,
				2566F52D2B89943E00CAD739 /* Color+Extension.swift in Sources */,
				2566F5292B898CE400CAD739 /* ViewModelProvider.swift in Sources */,
				2566F5412B8A16CE00CAD739 /* EmailRegistrationUseCase.swift in Sources */,
				69EC794D2B8B61F10096AA55 /* NameRegistrationViewModel.swift in Sources */,
				69EC79392B8AC07A0096AA55 /* CreateUserRepository.swift in Sources */,
				E4C6BE152B6F68EE003B56AD /* ContentView.swift in Sources */,
				2566F53F2B8A152400CAD739 /* Constants.swift in Sources */,
				2566F5362B89F62A00CAD739 /* LoadingView.swift in Sources */,
				2566F54A2B8AADF300CAD739 /* OneTimeCodeUseCase.swift in Sources */,
				2566F5272B898C7D00CAD739 /* EnvironmentValues+Extension.swift in Sources */,
				2583F2472B6F6CD400E68CAD /* FeedView.swift in Sources */,
				69EC794F2B8B644F0096AA55 /* NameRegistrationUseCase.swift in Sources */,
				69EC793B2B8AC0BF0096AA55 /* PasswordRegistrationUseCase.swift in Sources */,
				259B51BD2B860A8B00978256 /* LoginView.swift in Sources */,
				259B51BF2B860B5300978256 /* LoginViewModel.swift in Sources */,
				69EC79372B8ABEA90096AA55 /* PasswordRegistrationViewModel.swift in Sources */,
				69EC79352B8ABE750096AA55 /* PasswordRegistrationView.swift in Sources */,
				2566F53B2B89FB4900CAD739 /* OneTimeCodeView.swift in Sources */,
				2566F5462B8AA63D00CAD739 /* UIViewControllerLifeCycleRepresentable.swift in Sources */,
				2566F52B2B898D6300CAD739 /* DIFactory.swift in Sources */,
				E4C6BE132B6F68EE003B56AD /* CHEPICSApp.swift in Sources */,
				2566F5432B8A176A00CAD739 /* APIError.swift in Sources */,
				69EC793F2B8AC78C0096AA55 /* HeaderView.swift in Sources */,
				69EC79482B8ACFA20096AA55 /* LoginUseCase.swift in Sources */,
			);
			runOnlyForDeploymentPostprocessing = 0;
		};
		E4C6BE1B2B6F68F3003B56AD /* Sources */ = {
			isa = PBXSourcesBuildPhase;
			buildActionMask = 2147483647;
			files = (
				E4C6BE242B6F68F3003B56AD /* CHEPICSTests.swift in Sources */,
			);
			runOnlyForDeploymentPostprocessing = 0;
		};
		E4C6BE252B6F68F3003B56AD /* Sources */ = {
			isa = PBXSourcesBuildPhase;
			buildActionMask = 2147483647;
			files = (
				E4C6BE302B6F68F3003B56AD /* CHEPICSUITestsLaunchTests.swift in Sources */,
				E4C6BE2E2B6F68F3003B56AD /* CHEPICSUITests.swift in Sources */,
			);
			runOnlyForDeploymentPostprocessing = 0;
		};
/* End PBXSourcesBuildPhase section */

/* Begin PBXTargetDependency section */
		E4C6BE212B6F68F3003B56AD /* PBXTargetDependency */ = {
			isa = PBXTargetDependency;
			target = E4C6BE0E2B6F68EE003B56AD /* CHEPICS */;
			targetProxy = E4C6BE202B6F68F3003B56AD /* PBXContainerItemProxy */;
		};
		E4C6BE2B2B6F68F3003B56AD /* PBXTargetDependency */ = {
			isa = PBXTargetDependency;
			target = E4C6BE0E2B6F68EE003B56AD /* CHEPICS */;
			targetProxy = E4C6BE2A2B6F68F3003B56AD /* PBXContainerItemProxy */;
		};
/* End PBXTargetDependency section */

/* Begin XCBuildConfiguration section */
		E4C6BE312B6F68F3003B56AD /* Debug */ = {
			isa = XCBuildConfiguration;
			buildSettings = {
				ALWAYS_SEARCH_USER_PATHS = NO;
				ASSETCATALOG_COMPILER_GENERATE_SWIFT_ASSET_SYMBOL_EXTENSIONS = YES;
				CLANG_ANALYZER_NONNULL = YES;
				CLANG_ANALYZER_NUMBER_OBJECT_CONVERSION = YES_AGGRESSIVE;
				CLANG_CXX_LANGUAGE_STANDARD = "gnu++20";
				CLANG_ENABLE_MODULES = YES;
				CLANG_ENABLE_OBJC_ARC = YES;
				CLANG_ENABLE_OBJC_WEAK = YES;
				CLANG_WARN_BLOCK_CAPTURE_AUTORELEASING = YES;
				CLANG_WARN_BOOL_CONVERSION = YES;
				CLANG_WARN_COMMA = YES;
				CLANG_WARN_CONSTANT_CONVERSION = YES;
				CLANG_WARN_DEPRECATED_OBJC_IMPLEMENTATIONS = YES;
				CLANG_WARN_DIRECT_OBJC_ISA_USAGE = YES_ERROR;
				CLANG_WARN_DOCUMENTATION_COMMENTS = YES;
				CLANG_WARN_EMPTY_BODY = YES;
				CLANG_WARN_ENUM_CONVERSION = YES;
				CLANG_WARN_INFINITE_RECURSION = YES;
				CLANG_WARN_INT_CONVERSION = YES;
				CLANG_WARN_NON_LITERAL_NULL_CONVERSION = YES;
				CLANG_WARN_OBJC_IMPLICIT_RETAIN_SELF = YES;
				CLANG_WARN_OBJC_LITERAL_CONVERSION = YES;
				CLANG_WARN_OBJC_ROOT_CLASS = YES_ERROR;
				CLANG_WARN_QUOTED_INCLUDE_IN_FRAMEWORK_HEADER = YES;
				CLANG_WARN_RANGE_LOOP_ANALYSIS = YES;
				CLANG_WARN_STRICT_PROTOTYPES = YES;
				CLANG_WARN_SUSPICIOUS_MOVE = YES;
				CLANG_WARN_UNGUARDED_AVAILABILITY = YES_AGGRESSIVE;
				CLANG_WARN_UNREACHABLE_CODE = YES;
				CLANG_WARN__DUPLICATE_METHOD_MATCH = YES;
				COPY_PHASE_STRIP = NO;
				DEBUG_INFORMATION_FORMAT = dwarf;
				ENABLE_STRICT_OBJC_MSGSEND = YES;
				ENABLE_TESTABILITY = YES;
				ENABLE_USER_SCRIPT_SANDBOXING = YES;
				GCC_C_LANGUAGE_STANDARD = gnu17;
				GCC_DYNAMIC_NO_PIC = NO;
				GCC_NO_COMMON_BLOCKS = YES;
				GCC_OPTIMIZATION_LEVEL = 0;
				GCC_PREPROCESSOR_DEFINITIONS = (
					"DEBUG=1",
					"$(inherited)",
				);
				GCC_WARN_64_TO_32_BIT_CONVERSION = YES;
				GCC_WARN_ABOUT_RETURN_TYPE = YES_ERROR;
				GCC_WARN_UNDECLARED_SELECTOR = YES;
				GCC_WARN_UNINITIALIZED_AUTOS = YES_AGGRESSIVE;
				GCC_WARN_UNUSED_FUNCTION = YES;
				GCC_WARN_UNUSED_VARIABLE = YES;
				IPHONEOS_DEPLOYMENT_TARGET = 17.2;
				LOCALIZATION_PREFERS_STRING_CATALOGS = YES;
				MTL_ENABLE_DEBUG_INFO = INCLUDE_SOURCE;
				MTL_FAST_MATH = YES;
				ONLY_ACTIVE_ARCH = YES;
				SDKROOT = iphoneos;
				SWIFT_ACTIVE_COMPILATION_CONDITIONS = "DEBUG $(inherited)";
				SWIFT_OPTIMIZATION_LEVEL = "-Onone";
			};
			name = Debug;
		};
		E4C6BE322B6F68F3003B56AD /* Release */ = {
			isa = XCBuildConfiguration;
			buildSettings = {
				ALWAYS_SEARCH_USER_PATHS = NO;
				ASSETCATALOG_COMPILER_GENERATE_SWIFT_ASSET_SYMBOL_EXTENSIONS = YES;
				CLANG_ANALYZER_NONNULL = YES;
				CLANG_ANALYZER_NUMBER_OBJECT_CONVERSION = YES_AGGRESSIVE;
				CLANG_CXX_LANGUAGE_STANDARD = "gnu++20";
				CLANG_ENABLE_MODULES = YES;
				CLANG_ENABLE_OBJC_ARC = YES;
				CLANG_ENABLE_OBJC_WEAK = YES;
				CLANG_WARN_BLOCK_CAPTURE_AUTORELEASING = YES;
				CLANG_WARN_BOOL_CONVERSION = YES;
				CLANG_WARN_COMMA = YES;
				CLANG_WARN_CONSTANT_CONVERSION = YES;
				CLANG_WARN_DEPRECATED_OBJC_IMPLEMENTATIONS = YES;
				CLANG_WARN_DIRECT_OBJC_ISA_USAGE = YES_ERROR;
				CLANG_WARN_DOCUMENTATION_COMMENTS = YES;
				CLANG_WARN_EMPTY_BODY = YES;
				CLANG_WARN_ENUM_CONVERSION = YES;
				CLANG_WARN_INFINITE_RECURSION = YES;
				CLANG_WARN_INT_CONVERSION = YES;
				CLANG_WARN_NON_LITERAL_NULL_CONVERSION = YES;
				CLANG_WARN_OBJC_IMPLICIT_RETAIN_SELF = YES;
				CLANG_WARN_OBJC_LITERAL_CONVERSION = YES;
				CLANG_WARN_OBJC_ROOT_CLASS = YES_ERROR;
				CLANG_WARN_QUOTED_INCLUDE_IN_FRAMEWORK_HEADER = YES;
				CLANG_WARN_RANGE_LOOP_ANALYSIS = YES;
				CLANG_WARN_STRICT_PROTOTYPES = YES;
				CLANG_WARN_SUSPICIOUS_MOVE = YES;
				CLANG_WARN_UNGUARDED_AVAILABILITY = YES_AGGRESSIVE;
				CLANG_WARN_UNREACHABLE_CODE = YES;
				CLANG_WARN__DUPLICATE_METHOD_MATCH = YES;
				COPY_PHASE_STRIP = NO;
				DEBUG_INFORMATION_FORMAT = "dwarf-with-dsym";
				ENABLE_NS_ASSERTIONS = NO;
				ENABLE_STRICT_OBJC_MSGSEND = YES;
				ENABLE_USER_SCRIPT_SANDBOXING = YES;
				GCC_C_LANGUAGE_STANDARD = gnu17;
				GCC_NO_COMMON_BLOCKS = YES;
				GCC_WARN_64_TO_32_BIT_CONVERSION = YES;
				GCC_WARN_ABOUT_RETURN_TYPE = YES_ERROR;
				GCC_WARN_UNDECLARED_SELECTOR = YES;
				GCC_WARN_UNINITIALIZED_AUTOS = YES_AGGRESSIVE;
				GCC_WARN_UNUSED_FUNCTION = YES;
				GCC_WARN_UNUSED_VARIABLE = YES;
				IPHONEOS_DEPLOYMENT_TARGET = 17.2;
				LOCALIZATION_PREFERS_STRING_CATALOGS = YES;
				MTL_ENABLE_DEBUG_INFO = NO;
				MTL_FAST_MATH = YES;
				SDKROOT = iphoneos;
				SWIFT_COMPILATION_MODE = wholemodule;
				VALIDATE_PRODUCT = YES;
			};
			name = Release;
		};
		E4C6BE342B6F68F3003B56AD /* Debug */ = {
			isa = XCBuildConfiguration;
			buildSettings = {
				ASSETCATALOG_COMPILER_APPICON_NAME = AppIcon;
				ASSETCATALOG_COMPILER_GLOBAL_ACCENT_COLOR_NAME = AccentColor;
				CODE_SIGN_STYLE = Automatic;
				CURRENT_PROJECT_VERSION = 1;
				DEVELOPMENT_ASSET_PATHS = "\"CHEPICS/Preview Content\"";
				DEVELOPMENT_TEAM = 5H954Y6JS7;
				ENABLE_PREVIEWS = YES;
				GENERATE_INFOPLIST_FILE = YES;
				INFOPLIST_KEY_UIApplicationSceneManifest_Generation = YES;
				INFOPLIST_KEY_UIApplicationSupportsIndirectInputEvents = YES;
				INFOPLIST_KEY_UILaunchScreen_Generation = YES;
				INFOPLIST_KEY_UISupportedInterfaceOrientations_iPad = "UIInterfaceOrientationPortrait UIInterfaceOrientationPortraitUpsideDown UIInterfaceOrientationLandscapeLeft UIInterfaceOrientationLandscapeRight";
				INFOPLIST_KEY_UISupportedInterfaceOrientations_iPhone = "UIInterfaceOrientationPortrait UIInterfaceOrientationLandscapeLeft UIInterfaceOrientationLandscapeRight";
				IPHONEOS_DEPLOYMENT_TARGET = 16.0;
				LD_RUNPATH_SEARCH_PATHS = (
					"$(inherited)",
					"@executable_path/Frameworks",
				);
				MARKETING_VERSION = 1.0;
				PRODUCT_BUNDLE_IDENTIFIER = com.chepics.CHERRYPICKSET;
				PRODUCT_NAME = "$(TARGET_NAME)";
				SWIFT_EMIT_LOC_STRINGS = YES;
				SWIFT_VERSION = 5.0;
				TARGETED_DEVICE_FAMILY = "1,2";
			};
			name = Debug;
		};
		E4C6BE352B6F68F3003B56AD /* Release */ = {
			isa = XCBuildConfiguration;
			buildSettings = {
				ASSETCATALOG_COMPILER_APPICON_NAME = AppIcon;
				ASSETCATALOG_COMPILER_GLOBAL_ACCENT_COLOR_NAME = AccentColor;
				CODE_SIGN_STYLE = Automatic;
				CURRENT_PROJECT_VERSION = 1;
				DEVELOPMENT_ASSET_PATHS = "\"CHEPICS/Preview Content\"";
				DEVELOPMENT_TEAM = 5H954Y6JS7;
				ENABLE_PREVIEWS = YES;
				GENERATE_INFOPLIST_FILE = YES;
				INFOPLIST_KEY_UIApplicationSceneManifest_Generation = YES;
				INFOPLIST_KEY_UIApplicationSupportsIndirectInputEvents = YES;
				INFOPLIST_KEY_UILaunchScreen_Generation = YES;
				INFOPLIST_KEY_UISupportedInterfaceOrientations_iPad = "UIInterfaceOrientationPortrait UIInterfaceOrientationPortraitUpsideDown UIInterfaceOrientationLandscapeLeft UIInterfaceOrientationLandscapeRight";
				INFOPLIST_KEY_UISupportedInterfaceOrientations_iPhone = "UIInterfaceOrientationPortrait UIInterfaceOrientationLandscapeLeft UIInterfaceOrientationLandscapeRight";
				IPHONEOS_DEPLOYMENT_TARGET = 16.0;
				LD_RUNPATH_SEARCH_PATHS = (
					"$(inherited)",
					"@executable_path/Frameworks",
				);
				MARKETING_VERSION = 1.0;
				PRODUCT_BUNDLE_IDENTIFIER = com.chepics.CHERRYPICKSET;
				PRODUCT_NAME = "$(TARGET_NAME)";
				SWIFT_EMIT_LOC_STRINGS = YES;
				SWIFT_VERSION = 5.0;
				TARGETED_DEVICE_FAMILY = "1,2";
			};
			name = Release;
		};
		E4C6BE372B6F68F3003B56AD /* Debug */ = {
			isa = XCBuildConfiguration;
			buildSettings = {
				ALWAYS_EMBED_SWIFT_STANDARD_LIBRARIES = YES;
				BUNDLE_LOADER = "$(TEST_HOST)";
				CODE_SIGN_STYLE = Automatic;
				CURRENT_PROJECT_VERSION = 1;
				GENERATE_INFOPLIST_FILE = YES;
				IPHONEOS_DEPLOYMENT_TARGET = 17.2;
				MARKETING_VERSION = 1.0;
				PRODUCT_BUNDLE_IDENTIFIER = com.chepics.CHEPICSTests;
				PRODUCT_NAME = "$(TARGET_NAME)";
				SWIFT_EMIT_LOC_STRINGS = NO;
				SWIFT_VERSION = 5.0;
				TARGETED_DEVICE_FAMILY = "1,2";
				TEST_HOST = "$(BUILT_PRODUCTS_DIR)/CHEPICS.app/$(BUNDLE_EXECUTABLE_FOLDER_PATH)/CHEPICS";
			};
			name = Debug;
		};
		E4C6BE382B6F68F3003B56AD /* Release */ = {
			isa = XCBuildConfiguration;
			buildSettings = {
				ALWAYS_EMBED_SWIFT_STANDARD_LIBRARIES = YES;
				BUNDLE_LOADER = "$(TEST_HOST)";
				CODE_SIGN_STYLE = Automatic;
				CURRENT_PROJECT_VERSION = 1;
				GENERATE_INFOPLIST_FILE = YES;
				IPHONEOS_DEPLOYMENT_TARGET = 17.2;
				MARKETING_VERSION = 1.0;
				PRODUCT_BUNDLE_IDENTIFIER = com.chepics.CHEPICSTests;
				PRODUCT_NAME = "$(TARGET_NAME)";
				SWIFT_EMIT_LOC_STRINGS = NO;
				SWIFT_VERSION = 5.0;
				TARGETED_DEVICE_FAMILY = "1,2";
				TEST_HOST = "$(BUILT_PRODUCTS_DIR)/CHEPICS.app/$(BUNDLE_EXECUTABLE_FOLDER_PATH)/CHEPICS";
			};
			name = Release;
		};
		E4C6BE3A2B6F68F3003B56AD /* Debug */ = {
			isa = XCBuildConfiguration;
			buildSettings = {
				ALWAYS_EMBED_SWIFT_STANDARD_LIBRARIES = YES;
				CODE_SIGN_STYLE = Automatic;
				CURRENT_PROJECT_VERSION = 1;
				GENERATE_INFOPLIST_FILE = YES;
				MARKETING_VERSION = 1.0;
				PRODUCT_BUNDLE_IDENTIFIER = com.chepics.CHEPICSUITests;
				PRODUCT_NAME = "$(TARGET_NAME)";
				SWIFT_EMIT_LOC_STRINGS = NO;
				SWIFT_VERSION = 5.0;
				TARGETED_DEVICE_FAMILY = "1,2";
				TEST_TARGET_NAME = CHEPICS;
			};
			name = Debug;
		};
		E4C6BE3B2B6F68F3003B56AD /* Release */ = {
			isa = XCBuildConfiguration;
			buildSettings = {
				ALWAYS_EMBED_SWIFT_STANDARD_LIBRARIES = YES;
				CODE_SIGN_STYLE = Automatic;
				CURRENT_PROJECT_VERSION = 1;
				GENERATE_INFOPLIST_FILE = YES;
				MARKETING_VERSION = 1.0;
				PRODUCT_BUNDLE_IDENTIFIER = com.chepics.CHEPICSUITests;
				PRODUCT_NAME = "$(TARGET_NAME)";
				SWIFT_EMIT_LOC_STRINGS = NO;
				SWIFT_VERSION = 5.0;
				TARGETED_DEVICE_FAMILY = "1,2";
				TEST_TARGET_NAME = CHEPICS;
			};
			name = Release;
		};
/* End XCBuildConfiguration section */

/* Begin XCConfigurationList section */
		E4C6BE0A2B6F68ED003B56AD /* Build configuration list for PBXProject "CHEPICS" */ = {
			isa = XCConfigurationList;
			buildConfigurations = (
				E4C6BE312B6F68F3003B56AD /* Debug */,
				E4C6BE322B6F68F3003B56AD /* Release */,
			);
			defaultConfigurationIsVisible = 0;
			defaultConfigurationName = Release;
		};
		E4C6BE332B6F68F3003B56AD /* Build configuration list for PBXNativeTarget "CHEPICS" */ = {
			isa = XCConfigurationList;
			buildConfigurations = (
				E4C6BE342B6F68F3003B56AD /* Debug */,
				E4C6BE352B6F68F3003B56AD /* Release */,
			);
			defaultConfigurationIsVisible = 0;
			defaultConfigurationName = Release;
		};
		E4C6BE362B6F68F3003B56AD /* Build configuration list for PBXNativeTarget "CHEPICSTests" */ = {
			isa = XCConfigurationList;
			buildConfigurations = (
				E4C6BE372B6F68F3003B56AD /* Debug */,
				E4C6BE382B6F68F3003B56AD /* Release */,
			);
			defaultConfigurationIsVisible = 0;
			defaultConfigurationName = Release;
		};
		E4C6BE392B6F68F3003B56AD /* Build configuration list for PBXNativeTarget "CHEPICSUITests" */ = {
			isa = XCConfigurationList;
			buildConfigurations = (
				E4C6BE3A2B6F68F3003B56AD /* Debug */,
				E4C6BE3B2B6F68F3003B56AD /* Release */,
			);
			defaultConfigurationIsVisible = 0;
			defaultConfigurationName = Release;
		};
/* End XCConfigurationList section */
	};
	rootObject = E4C6BE072B6F68ED003B56AD /* Project object */;
}
