// !$*UTF8*$!
{
	archiveVersion = 1;
	classes = {
	};
	objectVersion = 56;
	objects = {

/* Begin PBXBuildFile section */
		251A71AA2BDA113F002322DD /* UserCell.swift in Sources */ = {isa = PBXBuildFile; fileRef = 251A71A92BDA113F002322DD /* UserCell.swift */; };
		251A71AC2BDA13FF002322DD /* UserIconView.swift in Sources */ = {isa = PBXBuildFile; fileRef = 251A71AB2BDA13FF002322DD /* UserIconView.swift */; };
		251FE41F2BC76192008C3254 /* API.swift in Sources */ = {isa = PBXBuildFile; fileRef = 251FE41E2BC76192008C3254 /* API.swift */; };
		251FE4212BC764C6008C3254 /* UserDefaults+Infra.swift in Sources */ = {isa = PBXBuildFile; fileRef = 251FE4202BC764C6008C3254 /* UserDefaults+Infra.swift */; };
		251FE4232BC79A10008C3254 /* AuthRepository.swift in Sources */ = {isa = PBXBuildFile; fileRef = 251FE4222BC79A10008C3254 /* AuthRepository.swift */; };
		251FE4252BC79B79008C3254 /* AuthDataSource.swift in Sources */ = {isa = PBXBuildFile; fileRef = 251FE4242BC79B79008C3254 /* AuthDataSource.swift */; };
		251FE4272BC79BB8008C3254 /* AuthRemoteSource.swift in Sources */ = {isa = PBXBuildFile; fileRef = 251FE4262BC79BB8008C3254 /* AuthRemoteSource.swift */; };
		251FE42A2BC79C85008C3254 /* Alamofire in Frameworks */ = {isa = PBXBuildFile; productRef = 251FE4292BC79C85008C3254 /* Alamofire */; };
		251FE4302BC7A164008C3254 /* ErrorResponse.swift in Sources */ = {isa = PBXBuildFile; fileRef = 251FE42F2BC7A164008C3254 /* ErrorResponse.swift */; };
		251FE4332BC7A365008C3254 /* APIError+Extension.swift in Sources */ = {isa = PBXBuildFile; fileRef = 251FE4322BC7A365008C3254 /* APIError+Extension.swift */; };
		251FE4352BC7A525008C3254 /* URLDefinitions.swift in Sources */ = {isa = PBXBuildFile; fileRef = 251FE4342BC7A525008C3254 /* URLDefinitions.swift */; };
		251FE4372BC8EFA3008C3254 /* CheckCodeBody.swift in Sources */ = {isa = PBXBuildFile; fileRef = 251FE4362BC8EFA3008C3254 /* CheckCodeBody.swift */; };
		251FE43E2BCE3938008C3254 /* ExploreTopViewModel.swift in Sources */ = {isa = PBXBuildFile; fileRef = 251FE43D2BCE3938008C3254 /* ExploreTopViewModel.swift */; };
		252D71212BA7FFB100485877 /* AppDelegate.swift in Sources */ = {isa = PBXBuildFile; fileRef = 252D71202BA7FFB000485877 /* AppDelegate.swift */; };
		252D71322BA83ED200485877 /* HeaderKeys.swift in Sources */ = {isa = PBXBuildFile; fileRef = 252D71312BA83ED200485877 /* HeaderKeys.swift */; };
		252D71392BA913C600485877 /* MainTabView.swift in Sources */ = {isa = PBXBuildFile; fileRef = 252D71382BA913C600485877 /* MainTabView.swift */; };
		252D713D2BA918ED00485877 /* TopicCell.swift in Sources */ = {isa = PBXBuildFile; fileRef = 252D713C2BA918ED00485877 /* TopicCell.swift */; };
		252D713F2BA91BAA00485877 /* FeedViewModel.swift in Sources */ = {isa = PBXBuildFile; fileRef = 252D713E2BA91BAA00485877 /* FeedViewModel.swift */; };
		252D71532BABBA5A00485877 /* MainTabViewModel.swift in Sources */ = {isa = PBXBuildFile; fileRef = 252D71522BABBA5A00485877 /* MainTabViewModel.swift */; };
		252D71552BABEBF600485877 /* GridImagesView.swift in Sources */ = {isa = PBXBuildFile; fileRef = 252D71542BABEBF600485877 /* GridImagesView.swift */; };
		2566F52B2B898D6300CAD739 /* DIFactory.swift in Sources */ = {isa = PBXBuildFile; fileRef = 2566F52A2B898D6300CAD739 /* DIFactory.swift */; };
		2566F52D2B89943E00CAD739 /* Color+Extension.swift in Sources */ = {isa = PBXBuildFile; fileRef = 2566F52C2B89943E00CAD739 /* Color+Extension.swift */; };
		2566F5312B89F54D00CAD739 /* EmailRegistrationView.swift in Sources */ = {isa = PBXBuildFile; fileRef = 2566F5302B89F54D00CAD739 /* EmailRegistrationView.swift */; };
		2566F5362B89F62A00CAD739 /* LoadingView.swift in Sources */ = {isa = PBXBuildFile; fileRef = 2566F5352B89F62A00CAD739 /* LoadingView.swift */; };
		2566F5382B89F75B00CAD739 /* EmailRegistrationViewModel.swift in Sources */ = {isa = PBXBuildFile; fileRef = 2566F5372B89F75B00CAD739 /* EmailRegistrationViewModel.swift */; };
		2566F53B2B89FB4900CAD739 /* OneTimeCodeView.swift in Sources */ = {isa = PBXBuildFile; fileRef = 2566F53A2B89FB4900CAD739 /* OneTimeCodeView.swift */; };
		2566F53D2B8A148100CAD739 /* OneTimeCodeViewModel.swift in Sources */ = {isa = PBXBuildFile; fileRef = 2566F53C2B8A148100CAD739 /* OneTimeCodeViewModel.swift */; };
		2566F53F2B8A152400CAD739 /* Constants.swift in Sources */ = {isa = PBXBuildFile; fileRef = 2566F53E2B8A152400CAD739 /* Constants.swift */; };
		2566F5412B8A16CE00CAD739 /* EmailRegistrationUseCase.swift in Sources */ = {isa = PBXBuildFile; fileRef = 2566F5402B8A16CE00CAD739 /* EmailRegistrationUseCase.swift */; };
		2566F5432B8A176A00CAD739 /* APIError.swift in Sources */ = {isa = PBXBuildFile; fileRef = 2566F5422B8A176A00CAD739 /* APIError.swift */; };
		2566F5462B8AA63D00CAD739 /* UIViewControllerLifeCycleRepresentable.swift in Sources */ = {isa = PBXBuildFile; fileRef = 2566F5452B8AA63D00CAD739 /* UIViewControllerLifeCycleRepresentable.swift */; };
		2566F5482B8AA66D00CAD739 /* View+Extension.swift in Sources */ = {isa = PBXBuildFile; fileRef = 2566F5472B8AA66D00CAD739 /* View+Extension.swift */; };
		2566F54A2B8AADF300CAD739 /* OneTimeCodeUseCase.swift in Sources */ = {isa = PBXBuildFile; fileRef = 2566F5492B8AADF300CAD739 /* OneTimeCodeUseCase.swift */; };
		256C67142BAD483F00260ADE /* ProfileViewModel.swift in Sources */ = {isa = PBXBuildFile; fileRef = 256C67132BAD483F00260ADE /* ProfileViewModel.swift */; };
		256C67172BAD6BB500260ADE /* ProfileUseCase.swift in Sources */ = {isa = PBXBuildFile; fileRef = 256C67162BAD6BB500260ADE /* ProfileUseCase.swift */; };
		256CFEEB2BDBAD7F0000709E /* SearchDataSource.swift in Sources */ = {isa = PBXBuildFile; fileRef = 256CFEEA2BDBAD7F0000709E /* SearchDataSource.swift */; };
		256CFEED2BDBADD70000709E /* SearchRemoteSource.swift in Sources */ = {isa = PBXBuildFile; fileRef = 256CFEEC2BDBADD70000709E /* SearchRemoteSource.swift */; };
		256CFEEF2BDBAE900000709E /* SearchRepository.swift in Sources */ = {isa = PBXBuildFile; fileRef = 256CFEEE2BDBAE900000709E /* SearchRepository.swift */; };
		256CFEF22BDBAF2F0000709E /* ExploreResultUseCase.swift in Sources */ = {isa = PBXBuildFile; fileRef = 256CFEF12BDBAF2F0000709E /* ExploreResultUseCase.swift */; };
		2583F2472B6F6CD400E68CAD /* FeedView.swift in Sources */ = {isa = PBXBuildFile; fileRef = 2583F2462B6F6CD400E68CAD /* FeedView.swift */; };
		25862EB92BBA2F2400FC4225 /* CommentCell.swift in Sources */ = {isa = PBXBuildFile; fileRef = 25862EB82BBA2F2300FC4225 /* CommentCell.swift */; };
		25862EBF2BBB7D9700FC4225 /* SwiftUIIntrospect in Frameworks */ = {isa = PBXBuildFile; productRef = 25862EBE2BBB7D9700FC4225 /* SwiftUIIntrospect */; };
		25893F7A2BD0DFCA001174D5 /* ExploreResultView.swift in Sources */ = {isa = PBXBuildFile; fileRef = 25893F792BD0DFCA001174D5 /* ExploreResultView.swift */; };
		25893F7C2BD0DFD5001174D5 /* ExploreResultViewModel.swift in Sources */ = {isa = PBXBuildFile; fileRef = 25893F7B2BD0DFD5001174D5 /* ExploreResultViewModel.swift */; };
		25893F7E2BD0E042001174D5 /* ExploreTopView.swift in Sources */ = {isa = PBXBuildFile; fileRef = 25893F7D2BD0E042001174D5 /* ExploreTopView.swift */; };
		259B51BD2B860A8B00978256 /* LoginView.swift in Sources */ = {isa = PBXBuildFile; fileRef = 259B51BC2B860A8B00978256 /* LoginView.swift */; };
		259B51BF2B860B5300978256 /* LoginViewModel.swift in Sources */ = {isa = PBXBuildFile; fileRef = 259B51BE2B860B5300978256 /* LoginViewModel.swift */; };
		259B51C22B860CA000978256 /* RoundButton.swift in Sources */ = {isa = PBXBuildFile; fileRef = 259B51C12B860CA000978256 /* RoundButton.swift */; };
		25C88DAE2B8C33C4002455A3 /* IconRegistrationView.swift in Sources */ = {isa = PBXBuildFile; fileRef = 25C88DAD2B8C33C4002455A3 /* IconRegistrationView.swift */; };
		25C88DB02B8C33FD002455A3 /* IconRegistrationViewModel.swift in Sources */ = {isa = PBXBuildFile; fileRef = 25C88DAF2B8C33FD002455A3 /* IconRegistrationViewModel.swift */; };
		25F67D322BAC00F9007406FC /* ImageView.swift in Sources */ = {isa = PBXBuildFile; fileRef = 25F67D312BAC00F9007406FC /* ImageView.swift */; };
		25F67D752BAD0C61007406FC /* ProfileView.swift in Sources */ = {isa = PBXBuildFile; fileRef = 25F67D742BAD0C61007406FC /* ProfileView.swift */; };
		6916B3842BAAD5AB009A8670 /* Items.swift in Sources */ = {isa = PBXBuildFile; fileRef = 6916B3832BAAD5AB009A8670 /* Items.swift */; };
		6916B3862BAAD8A6009A8670 /* Topic.swift in Sources */ = {isa = PBXBuildFile; fileRef = 6916B3852BAAD8A6009A8670 /* Topic.swift */; };
		6916B3882BAAD95C009A8670 /* User.swift in Sources */ = {isa = PBXBuildFile; fileRef = 6916B3872BAAD95C009A8670 /* User.swift */; };
		6916B38C2BAADA96009A8670 /* TopicImage.swift in Sources */ = {isa = PBXBuildFile; fileRef = 6916B38B2BAADA96009A8670 /* TopicImage.swift */; };
		6916B38E2BAADBC4009A8670 /* PickSet.swift in Sources */ = {isa = PBXBuildFile; fileRef = 6916B38D2BAADBC4009A8670 /* PickSet.swift */; };
		6916B3912BAADD7D009A8670 /* mocks.swift in Sources */ = {isa = PBXBuildFile; fileRef = 6916B3902BAADD7D009A8670 /* mocks.swift */; };
		6916B3932BAAE30E009A8670 /* TopicDataSource.swift in Sources */ = {isa = PBXBuildFile; fileRef = 6916B3922BAAE30E009A8670 /* TopicDataSource.swift */; };
		6916B3952BAAE364009A8670 /* TopicRemoteSource.swift in Sources */ = {isa = PBXBuildFile; fileRef = 6916B3942BAAE364009A8670 /* TopicRemoteSource.swift */; };
		6916B3972BAAE3CA009A8670 /* TopicRepository.swift in Sources */ = {isa = PBXBuildFile; fileRef = 6916B3962BAAE3CA009A8670 /* TopicRepository.swift */; };
		6916B39A2BAAE60B009A8670 /* Kingfisher in Frameworks */ = {isa = PBXBuildFile; productRef = 6916B3992BAAE60B009A8670 /* Kingfisher */; };
		6916B39D2BAAED64009A8670 /* FeedUseCase.swift in Sources */ = {isa = PBXBuildFile; fileRef = 6916B39C2BAAED64009A8670 /* FeedUseCase.swift */; };
		6916B39F2BAAF4B3009A8670 /* Int+Extension.swift in Sources */ = {isa = PBXBuildFile; fileRef = 6916B39E2BAAF4B3009A8670 /* Int+Extension.swift */; };
		6916B3A12BAAF6D3009A8670 /* Date+Extension.swift in Sources */ = {isa = PBXBuildFile; fileRef = 6916B3A02BAAF6D3009A8670 /* Date+Extension.swift */; };
		69EC79352B8ABE750096AA55 /* PasswordRegistrationView.swift in Sources */ = {isa = PBXBuildFile; fileRef = 69EC79342B8ABE750096AA55 /* PasswordRegistrationView.swift */; };
		69EC79372B8ABEA90096AA55 /* PasswordRegistrationViewModel.swift in Sources */ = {isa = PBXBuildFile; fileRef = 69EC79362B8ABEA90096AA55 /* PasswordRegistrationViewModel.swift */; };
		69EC793B2B8AC0BF0096AA55 /* PasswordRegistrationUseCase.swift in Sources */ = {isa = PBXBuildFile; fileRef = 69EC793A2B8AC0BF0096AA55 /* PasswordRegistrationUseCase.swift */; };
		69EC793F2B8AC78C0096AA55 /* HeaderView.swift in Sources */ = {isa = PBXBuildFile; fileRef = 69EC793E2B8AC78C0096AA55 /* HeaderView.swift */; };
		69EC79482B8ACFA20096AA55 /* LoginUseCase.swift in Sources */ = {isa = PBXBuildFile; fileRef = 69EC79472B8ACFA20096AA55 /* LoginUseCase.swift */; };
		69EC794B2B8B61EA0096AA55 /* NameRegistrationView.swift in Sources */ = {isa = PBXBuildFile; fileRef = 69EC794A2B8B61EA0096AA55 /* NameRegistrationView.swift */; };
		69EC794D2B8B61F10096AA55 /* NameRegistrationViewModel.swift in Sources */ = {isa = PBXBuildFile; fileRef = 69EC794C2B8B61F10096AA55 /* NameRegistrationViewModel.swift */; };
		69EC794F2B8B644F0096AA55 /* NameRegistrationUseCase.swift in Sources */ = {isa = PBXBuildFile; fileRef = 69EC794E2B8B644F0096AA55 /* NameRegistrationUseCase.swift */; };
		69EC79522B8B67B70096AA55 /* CompleteRegistrationView.swift in Sources */ = {isa = PBXBuildFile; fileRef = 69EC79512B8B67B70096AA55 /* CompleteRegistrationView.swift */; };
		69EC79552B9C60B50096AA55 /* CreateTopicView.swift in Sources */ = {isa = PBXBuildFile; fileRef = 69EC79542B9C60B50096AA55 /* CreateTopicView.swift */; };
		69EC79572B9C60C60096AA55 /* CreateTopicViewModel.swift in Sources */ = {isa = PBXBuildFile; fileRef = 69EC79562B9C60C60096AA55 /* CreateTopicViewModel.swift */; };
		69EC795C2B9C63F30096AA55 /* CustomTextEditor.swift in Sources */ = {isa = PBXBuildFile; fileRef = 69EC795B2B9C63F30096AA55 /* CustomTextEditor.swift */; };
		69EC795E2B9C6B3F0096AA55 /* UIApplication+Extension.swift in Sources */ = {isa = PBXBuildFile; fileRef = 69EC795D2B9C6B3F0096AA55 /* UIApplication+Extension.swift */; };
		E457A0462BCA60CC003DFB9F /* CreateUserBody.swift in Sources */ = {isa = PBXBuildFile; fileRef = E457A0452BCA60CC003DFB9F /* CreateUserBody.swift */; };
		E457A0482BCA6131003DFB9F /* AuthResponse.swift in Sources */ = {isa = PBXBuildFile; fileRef = E457A0472BCA6131003DFB9F /* AuthResponse.swift */; };
		E457A04A2BCA61C4003DFB9F /* TokenDataSource.swift in Sources */ = {isa = PBXBuildFile; fileRef = E457A0492BCA61C4003DFB9F /* TokenDataSource.swift */; };
		E457A04C2BCA6233003DFB9F /* TokenStoreLocalSource.swift in Sources */ = {isa = PBXBuildFile; fileRef = E457A04B2BCA6233003DFB9F /* TokenStoreLocalSource.swift */; };
		E457A04F2BCA6A7B003DFB9F /* KeychainAccess in Frameworks */ = {isa = PBXBuildFile; productRef = E457A04E2BCA6A7B003DFB9F /* KeychainAccess */; };
		E457A0512BCA6BAF003DFB9F /* KeychainAccess.swift in Sources */ = {isa = PBXBuildFile; fileRef = E457A0502BCA6BAF003DFB9F /* KeychainAccess.swift */; };
		E457A0D82BCF9130003DFB9F /* TokenStore.swift in Sources */ = {isa = PBXBuildFile; fileRef = E457A0D72BCF9130003DFB9F /* TokenStore.swift */; };
		E457A0DA2BCF9B62003DFB9F /* LoginBody.swift in Sources */ = {isa = PBXBuildFile; fileRef = E457A0D92BCF9B62003DFB9F /* LoginBody.swift */; };
		E457A0DF2BD7143F003DFB9F /* SearchTextField.swift in Sources */ = {isa = PBXBuildFile; fileRef = E457A0DE2BD7143F003DFB9F /* SearchTextField.swift */; };
		E49366232BBD05830093D286 /* Nuke in Frameworks */ = {isa = PBXBuildFile; productRef = E49366222BBD05830093D286 /* Nuke */; };
		E49366252BBD05830093D286 /* NukeUI in Frameworks */ = {isa = PBXBuildFile; productRef = E49366242BBD05830093D286 /* NukeUI */; };
		E49366272BC0B6670093D286 /* Comment.swift in Sources */ = {isa = PBXBuildFile; fileRef = E49366262BC0B6670093D286 /* Comment.swift */; };
		E49366292BC0B7E50093D286 /* CommentImage.swift in Sources */ = {isa = PBXBuildFile; fileRef = E49366282BC0B7E50093D286 /* CommentImage.swift */; };
		E4C6BE132B6F68EE003B56AD /* CHEPICSApp.swift in Sources */ = {isa = PBXBuildFile; fileRef = E4C6BE122B6F68EE003B56AD /* CHEPICSApp.swift */; };
		E4C6BE152B6F68EE003B56AD /* ContentView.swift in Sources */ = {isa = PBXBuildFile; fileRef = E4C6BE142B6F68EE003B56AD /* ContentView.swift */; };
		E4C6BE172B6F68F2003B56AD /* Assets.xcassets in Resources */ = {isa = PBXBuildFile; fileRef = E4C6BE162B6F68F2003B56AD /* Assets.xcassets */; };
		E4C6BE1A2B6F68F2003B56AD /* Preview Assets.xcassets in Resources */ = {isa = PBXBuildFile; fileRef = E4C6BE192B6F68F2003B56AD /* Preview Assets.xcassets */; };
		E4C6BE242B6F68F3003B56AD /* CHEPICSTests.swift in Sources */ = {isa = PBXBuildFile; fileRef = E4C6BE232B6F68F3003B56AD /* CHEPICSTests.swift */; };
		E4C6BE2E2B6F68F3003B56AD /* CHEPICSUITests.swift in Sources */ = {isa = PBXBuildFile; fileRef = E4C6BE2D2B6F68F3003B56AD /* CHEPICSUITests.swift */; };
		E4C6BE302B6F68F3003B56AD /* CHEPICSUITestsLaunchTests.swift in Sources */ = {isa = PBXBuildFile; fileRef = E4C6BE2F2B6F68F3003B56AD /* CHEPICSUITestsLaunchTests.swift */; };
/* End PBXBuildFile section */

/* Begin PBXContainerItemProxy section */
		E4C6BE202B6F68F3003B56AD /* PBXContainerItemProxy */ = {
			isa = PBXContainerItemProxy;
			containerPortal = E4C6BE072B6F68ED003B56AD /* Project object */;
			proxyType = 1;
			remoteGlobalIDString = E4C6BE0E2B6F68EE003B56AD;
			remoteInfo = CHEPICS;
		};
		E4C6BE2A2B6F68F3003B56AD /* PBXContainerItemProxy */ = {
			isa = PBXContainerItemProxy;
			containerPortal = E4C6BE072B6F68ED003B56AD /* Project object */;
			proxyType = 1;
			remoteGlobalIDString = E4C6BE0E2B6F68EE003B56AD;
			remoteInfo = CHEPICS;
		};
/* End PBXContainerItemProxy section */

/* Begin PBXCopyFilesBuildPhase section */
		251FE42E2BC79DCC008C3254 /* Embed Frameworks */ = {
			isa = PBXCopyFilesBuildPhase;
			buildActionMask = 2147483647;
			dstPath = "";
			dstSubfolderSpec = 10;
			files = (
			);
			name = "Embed Frameworks";
			runOnlyForDeploymentPostprocessing = 0;
		};
/* End PBXCopyFilesBuildPhase section */

/* Begin PBXFileReference section */
		251A71A92BDA113F002322DD /* UserCell.swift */ = {isa = PBXFileReference; lastKnownFileType = sourcecode.swift; path = UserCell.swift; sourceTree = "<group>"; };
		251A71AB2BDA13FF002322DD /* UserIconView.swift */ = {isa = PBXFileReference; lastKnownFileType = sourcecode.swift; path = UserIconView.swift; sourceTree = "<group>"; };
		251FE41E2BC76192008C3254 /* API.swift */ = {isa = PBXFileReference; lastKnownFileType = sourcecode.swift; path = API.swift; sourceTree = "<group>"; };
		251FE4202BC764C6008C3254 /* UserDefaults+Infra.swift */ = {isa = PBXFileReference; lastKnownFileType = sourcecode.swift; path = "UserDefaults+Infra.swift"; sourceTree = "<group>"; };
		251FE4222BC79A10008C3254 /* AuthRepository.swift */ = {isa = PBXFileReference; lastKnownFileType = sourcecode.swift; path = AuthRepository.swift; sourceTree = "<group>"; };
		251FE4242BC79B79008C3254 /* AuthDataSource.swift */ = {isa = PBXFileReference; lastKnownFileType = sourcecode.swift; path = AuthDataSource.swift; sourceTree = "<group>"; };
		251FE4262BC79BB8008C3254 /* AuthRemoteSource.swift */ = {isa = PBXFileReference; lastKnownFileType = sourcecode.swift; path = AuthRemoteSource.swift; sourceTree = "<group>"; };
		251FE42F2BC7A164008C3254 /* ErrorResponse.swift */ = {isa = PBXFileReference; lastKnownFileType = sourcecode.swift; path = ErrorResponse.swift; sourceTree = "<group>"; };
		251FE4322BC7A365008C3254 /* APIError+Extension.swift */ = {isa = PBXFileReference; lastKnownFileType = sourcecode.swift; path = "APIError+Extension.swift"; sourceTree = "<group>"; };
		251FE4342BC7A525008C3254 /* URLDefinitions.swift */ = {isa = PBXFileReference; lastKnownFileType = sourcecode.swift; path = URLDefinitions.swift; sourceTree = "<group>"; };
		251FE4362BC8EFA3008C3254 /* CheckCodeBody.swift */ = {isa = PBXFileReference; lastKnownFileType = sourcecode.swift; path = CheckCodeBody.swift; sourceTree = "<group>"; };
		251FE43D2BCE3938008C3254 /* ExploreTopViewModel.swift */ = {isa = PBXFileReference; lastKnownFileType = sourcecode.swift; path = ExploreTopViewModel.swift; sourceTree = "<group>"; };
		252D71202BA7FFB000485877 /* AppDelegate.swift */ = {isa = PBXFileReference; lastKnownFileType = sourcecode.swift; path = AppDelegate.swift; sourceTree = "<group>"; };
		252D71312BA83ED200485877 /* HeaderKeys.swift */ = {isa = PBXFileReference; lastKnownFileType = sourcecode.swift; path = HeaderKeys.swift; sourceTree = "<group>"; };
		252D71382BA913C600485877 /* MainTabView.swift */ = {isa = PBXFileReference; lastKnownFileType = sourcecode.swift; path = MainTabView.swift; sourceTree = "<group>"; };
		252D713C2BA918ED00485877 /* TopicCell.swift */ = {isa = PBXFileReference; lastKnownFileType = sourcecode.swift; path = TopicCell.swift; sourceTree = "<group>"; };
		252D713E2BA91BAA00485877 /* FeedViewModel.swift */ = {isa = PBXFileReference; lastKnownFileType = sourcecode.swift; path = FeedViewModel.swift; sourceTree = "<group>"; };
		252D71522BABBA5A00485877 /* MainTabViewModel.swift */ = {isa = PBXFileReference; lastKnownFileType = sourcecode.swift; path = MainTabViewModel.swift; sourceTree = "<group>"; };
		252D71542BABEBF600485877 /* GridImagesView.swift */ = {isa = PBXFileReference; lastKnownFileType = sourcecode.swift; path = GridImagesView.swift; sourceTree = "<group>"; };
		2566F52A2B898D6300CAD739 /* DIFactory.swift */ = {isa = PBXFileReference; lastKnownFileType = sourcecode.swift; path = DIFactory.swift; sourceTree = "<group>"; };
		2566F52C2B89943E00CAD739 /* Color+Extension.swift */ = {isa = PBXFileReference; lastKnownFileType = sourcecode.swift; path = "Color+Extension.swift"; sourceTree = "<group>"; };
		2566F5302B89F54D00CAD739 /* EmailRegistrationView.swift */ = {isa = PBXFileReference; lastKnownFileType = sourcecode.swift; path = EmailRegistrationView.swift; sourceTree = "<group>"; };
		2566F5352B89F62A00CAD739 /* LoadingView.swift */ = {isa = PBXFileReference; lastKnownFileType = sourcecode.swift; path = LoadingView.swift; sourceTree = "<group>"; };
		2566F5372B89F75B00CAD739 /* EmailRegistrationViewModel.swift */ = {isa = PBXFileReference; lastKnownFileType = sourcecode.swift; path = EmailRegistrationViewModel.swift; sourceTree = "<group>"; };
		2566F53A2B89FB4900CAD739 /* OneTimeCodeView.swift */ = {isa = PBXFileReference; lastKnownFileType = sourcecode.swift; path = OneTimeCodeView.swift; sourceTree = "<group>"; };
		2566F53C2B8A148100CAD739 /* OneTimeCodeViewModel.swift */ = {isa = PBXFileReference; lastKnownFileType = sourcecode.swift; path = OneTimeCodeViewModel.swift; sourceTree = "<group>"; };
		2566F53E2B8A152400CAD739 /* Constants.swift */ = {isa = PBXFileReference; lastKnownFileType = sourcecode.swift; path = Constants.swift; sourceTree = "<group>"; };
		2566F5402B8A16CE00CAD739 /* EmailRegistrationUseCase.swift */ = {isa = PBXFileReference; lastKnownFileType = sourcecode.swift; path = EmailRegistrationUseCase.swift; sourceTree = "<group>"; };
		2566F5422B8A176A00CAD739 /* APIError.swift */ = {isa = PBXFileReference; lastKnownFileType = sourcecode.swift; path = APIError.swift; sourceTree = "<group>"; };
		2566F5452B8AA63D00CAD739 /* UIViewControllerLifeCycleRepresentable.swift */ = {isa = PBXFileReference; lastKnownFileType = sourcecode.swift; path = UIViewControllerLifeCycleRepresentable.swift; sourceTree = "<group>"; };
		2566F5472B8AA66D00CAD739 /* View+Extension.swift */ = {isa = PBXFileReference; lastKnownFileType = sourcecode.swift; path = "View+Extension.swift"; sourceTree = "<group>"; };
		2566F5492B8AADF300CAD739 /* OneTimeCodeUseCase.swift */ = {isa = PBXFileReference; lastKnownFileType = sourcecode.swift; path = OneTimeCodeUseCase.swift; sourceTree = "<group>"; };
		256C67132BAD483F00260ADE /* ProfileViewModel.swift */ = {isa = PBXFileReference; lastKnownFileType = sourcecode.swift; path = ProfileViewModel.swift; sourceTree = "<group>"; };
		256C67162BAD6BB500260ADE /* ProfileUseCase.swift */ = {isa = PBXFileReference; lastKnownFileType = sourcecode.swift; path = ProfileUseCase.swift; sourceTree = "<group>"; };
		256CFEEA2BDBAD7F0000709E /* SearchDataSource.swift */ = {isa = PBXFileReference; lastKnownFileType = sourcecode.swift; path = SearchDataSource.swift; sourceTree = "<group>"; };
		256CFEEC2BDBADD70000709E /* SearchRemoteSource.swift */ = {isa = PBXFileReference; lastKnownFileType = sourcecode.swift; path = SearchRemoteSource.swift; sourceTree = "<group>"; };
		256CFEEE2BDBAE900000709E /* SearchRepository.swift */ = {isa = PBXFileReference; lastKnownFileType = sourcecode.swift; path = SearchRepository.swift; sourceTree = "<group>"; };
		256CFEF12BDBAF2F0000709E /* ExploreResultUseCase.swift */ = {isa = PBXFileReference; lastKnownFileType = sourcecode.swift; path = ExploreResultUseCase.swift; sourceTree = "<group>"; };
		2583F2462B6F6CD400E68CAD /* FeedView.swift */ = {isa = PBXFileReference; lastKnownFileType = sourcecode.swift; path = FeedView.swift; sourceTree = "<group>"; };
		25862EB82BBA2F2300FC4225 /* CommentCell.swift */ = {isa = PBXFileReference; lastKnownFileType = sourcecode.swift; path = CommentCell.swift; sourceTree = "<group>"; };
		25893F792BD0DFCA001174D5 /* ExploreResultView.swift */ = {isa = PBXFileReference; lastKnownFileType = sourcecode.swift; path = ExploreResultView.swift; sourceTree = "<group>"; };
		25893F7B2BD0DFD5001174D5 /* ExploreResultViewModel.swift */ = {isa = PBXFileReference; lastKnownFileType = sourcecode.swift; path = ExploreResultViewModel.swift; sourceTree = "<group>"; };
		25893F7D2BD0E042001174D5 /* ExploreTopView.swift */ = {isa = PBXFileReference; lastKnownFileType = sourcecode.swift; path = ExploreTopView.swift; sourceTree = "<group>"; };
		259B51BC2B860A8B00978256 /* LoginView.swift */ = {isa = PBXFileReference; lastKnownFileType = sourcecode.swift; path = LoginView.swift; sourceTree = "<group>"; };
		259B51BE2B860B5300978256 /* LoginViewModel.swift */ = {isa = PBXFileReference; lastKnownFileType = sourcecode.swift; path = LoginViewModel.swift; sourceTree = "<group>"; };
		259B51C12B860CA000978256 /* RoundButton.swift */ = {isa = PBXFileReference; lastKnownFileType = sourcecode.swift; path = RoundButton.swift; sourceTree = "<group>"; };
		25C88DAD2B8C33C4002455A3 /* IconRegistrationView.swift */ = {isa = PBXFileReference; lastKnownFileType = sourcecode.swift; path = IconRegistrationView.swift; sourceTree = "<group>"; };
		25C88DAF2B8C33FD002455A3 /* IconRegistrationViewModel.swift */ = {isa = PBXFileReference; lastKnownFileType = sourcecode.swift; path = IconRegistrationViewModel.swift; sourceTree = "<group>"; };
		25F67D312BAC00F9007406FC /* ImageView.swift */ = {isa = PBXFileReference; lastKnownFileType = sourcecode.swift; path = ImageView.swift; sourceTree = "<group>"; };
		25F67D742BAD0C61007406FC /* ProfileView.swift */ = {isa = PBXFileReference; lastKnownFileType = sourcecode.swift; path = ProfileView.swift; sourceTree = "<group>"; };
		6916B3832BAAD5AB009A8670 /* Items.swift */ = {isa = PBXFileReference; lastKnownFileType = sourcecode.swift; path = Items.swift; sourceTree = "<group>"; };
		6916B3852BAAD8A6009A8670 /* Topic.swift */ = {isa = PBXFileReference; lastKnownFileType = sourcecode.swift; path = Topic.swift; sourceTree = "<group>"; };
		6916B3872BAAD95C009A8670 /* User.swift */ = {isa = PBXFileReference; lastKnownFileType = sourcecode.swift; path = User.swift; sourceTree = "<group>"; };
		6916B38B2BAADA96009A8670 /* TopicImage.swift */ = {isa = PBXFileReference; lastKnownFileType = sourcecode.swift; path = TopicImage.swift; sourceTree = "<group>"; };
		6916B38D2BAADBC4009A8670 /* PickSet.swift */ = {isa = PBXFileReference; lastKnownFileType = sourcecode.swift; path = PickSet.swift; sourceTree = "<group>"; };
		6916B3902BAADD7D009A8670 /* mocks.swift */ = {isa = PBXFileReference; lastKnownFileType = sourcecode.swift; path = mocks.swift; sourceTree = "<group>"; };
		6916B3922BAAE30E009A8670 /* TopicDataSource.swift */ = {isa = PBXFileReference; lastKnownFileType = sourcecode.swift; path = TopicDataSource.swift; sourceTree = "<group>"; };
		6916B3942BAAE364009A8670 /* TopicRemoteSource.swift */ = {isa = PBXFileReference; lastKnownFileType = sourcecode.swift; path = TopicRemoteSource.swift; sourceTree = "<group>"; };
		6916B3962BAAE3CA009A8670 /* TopicRepository.swift */ = {isa = PBXFileReference; lastKnownFileType = sourcecode.swift; path = TopicRepository.swift; sourceTree = "<group>"; };
		6916B39C2BAAED64009A8670 /* FeedUseCase.swift */ = {isa = PBXFileReference; lastKnownFileType = sourcecode.swift; path = FeedUseCase.swift; sourceTree = "<group>"; };
		6916B39E2BAAF4B3009A8670 /* Int+Extension.swift */ = {isa = PBXFileReference; lastKnownFileType = sourcecode.swift; path = "Int+Extension.swift"; sourceTree = "<group>"; };
		6916B3A02BAAF6D3009A8670 /* Date+Extension.swift */ = {isa = PBXFileReference; lastKnownFileType = sourcecode.swift; path = "Date+Extension.swift"; sourceTree = "<group>"; };
		69EC79342B8ABE750096AA55 /* PasswordRegistrationView.swift */ = {isa = PBXFileReference; lastKnownFileType = sourcecode.swift; path = PasswordRegistrationView.swift; sourceTree = "<group>"; };
		69EC79362B8ABEA90096AA55 /* PasswordRegistrationViewModel.swift */ = {isa = PBXFileReference; lastKnownFileType = sourcecode.swift; path = PasswordRegistrationViewModel.swift; sourceTree = "<group>"; };
		69EC793A2B8AC0BF0096AA55 /* PasswordRegistrationUseCase.swift */ = {isa = PBXFileReference; lastKnownFileType = sourcecode.swift; path = PasswordRegistrationUseCase.swift; sourceTree = "<group>"; };
		69EC793E2B8AC78C0096AA55 /* HeaderView.swift */ = {isa = PBXFileReference; lastKnownFileType = sourcecode.swift; path = HeaderView.swift; sourceTree = "<group>"; };
		69EC79472B8ACFA20096AA55 /* LoginUseCase.swift */ = {isa = PBXFileReference; lastKnownFileType = sourcecode.swift; path = LoginUseCase.swift; sourceTree = "<group>"; };
		69EC794A2B8B61EA0096AA55 /* NameRegistrationView.swift */ = {isa = PBXFileReference; lastKnownFileType = sourcecode.swift; path = NameRegistrationView.swift; sourceTree = "<group>"; };
		69EC794C2B8B61F10096AA55 /* NameRegistrationViewModel.swift */ = {isa = PBXFileReference; lastKnownFileType = sourcecode.swift; path = NameRegistrationViewModel.swift; sourceTree = "<group>"; };
		69EC794E2B8B644F0096AA55 /* NameRegistrationUseCase.swift */ = {isa = PBXFileReference; lastKnownFileType = sourcecode.swift; path = NameRegistrationUseCase.swift; sourceTree = "<group>"; };
		69EC79512B8B67B70096AA55 /* CompleteRegistrationView.swift */ = {isa = PBXFileReference; lastKnownFileType = sourcecode.swift; path = CompleteRegistrationView.swift; sourceTree = "<group>"; };
		69EC79542B9C60B50096AA55 /* CreateTopicView.swift */ = {isa = PBXFileReference; lastKnownFileType = sourcecode.swift; path = CreateTopicView.swift; sourceTree = "<group>"; };
		69EC79562B9C60C60096AA55 /* CreateTopicViewModel.swift */ = {isa = PBXFileReference; lastKnownFileType = sourcecode.swift; path = CreateTopicViewModel.swift; sourceTree = "<group>"; };
		69EC795B2B9C63F30096AA55 /* CustomTextEditor.swift */ = {isa = PBXFileReference; lastKnownFileType = sourcecode.swift; path = CustomTextEditor.swift; sourceTree = "<group>"; };
		69EC795D2B9C6B3F0096AA55 /* UIApplication+Extension.swift */ = {isa = PBXFileReference; lastKnownFileType = sourcecode.swift; path = "UIApplication+Extension.swift"; sourceTree = "<group>"; };
		E457A0452BCA60CC003DFB9F /* CreateUserBody.swift */ = {isa = PBXFileReference; lastKnownFileType = sourcecode.swift; path = CreateUserBody.swift; sourceTree = "<group>"; };
		E457A0472BCA6131003DFB9F /* AuthResponse.swift */ = {isa = PBXFileReference; lastKnownFileType = sourcecode.swift; path = AuthResponse.swift; sourceTree = "<group>"; };
		E457A0492BCA61C4003DFB9F /* TokenDataSource.swift */ = {isa = PBXFileReference; lastKnownFileType = sourcecode.swift; path = TokenDataSource.swift; sourceTree = "<group>"; };
		E457A04B2BCA6233003DFB9F /* TokenStoreLocalSource.swift */ = {isa = PBXFileReference; lastKnownFileType = sourcecode.swift; path = TokenStoreLocalSource.swift; sourceTree = "<group>"; };
		E457A0502BCA6BAF003DFB9F /* KeychainAccess.swift */ = {isa = PBXFileReference; lastKnownFileType = sourcecode.swift; path = KeychainAccess.swift; sourceTree = "<group>"; };
		E457A0D72BCF9130003DFB9F /* TokenStore.swift */ = {isa = PBXFileReference; lastKnownFileType = sourcecode.swift; path = TokenStore.swift; sourceTree = "<group>"; };
		E457A0D92BCF9B62003DFB9F /* LoginBody.swift */ = {isa = PBXFileReference; lastKnownFileType = sourcecode.swift; path = LoginBody.swift; sourceTree = "<group>"; };
		E457A0DE2BD7143F003DFB9F /* SearchTextField.swift */ = {isa = PBXFileReference; lastKnownFileType = sourcecode.swift; path = SearchTextField.swift; sourceTree = "<group>"; };
		E49366262BC0B6670093D286 /* Comment.swift */ = {isa = PBXFileReference; lastKnownFileType = sourcecode.swift; path = Comment.swift; sourceTree = "<group>"; };
		E49366282BC0B7E50093D286 /* CommentImage.swift */ = {isa = PBXFileReference; lastKnownFileType = sourcecode.swift; path = CommentImage.swift; sourceTree = "<group>"; };
		E4C6BE0F2B6F68EE003B56AD /* CHEPICS.app */ = {isa = PBXFileReference; explicitFileType = wrapper.application; includeInIndex = 0; path = CHEPICS.app; sourceTree = BUILT_PRODUCTS_DIR; };
		E4C6BE122B6F68EE003B56AD /* CHEPICSApp.swift */ = {isa = PBXFileReference; lastKnownFileType = sourcecode.swift; path = CHEPICSApp.swift; sourceTree = "<group>"; };
		E4C6BE142B6F68EE003B56AD /* ContentView.swift */ = {isa = PBXFileReference; lastKnownFileType = sourcecode.swift; path = ContentView.swift; sourceTree = "<group>"; };
		E4C6BE162B6F68F2003B56AD /* Assets.xcassets */ = {isa = PBXFileReference; lastKnownFileType = folder.assetcatalog; path = Assets.xcassets; sourceTree = "<group>"; };
		E4C6BE192B6F68F2003B56AD /* Preview Assets.xcassets */ = {isa = PBXFileReference; lastKnownFileType = folder.assetcatalog; path = "Preview Assets.xcassets"; sourceTree = "<group>"; };
		E4C6BE1F2B6F68F3003B56AD /* CHEPICSTests.xctest */ = {isa = PBXFileReference; explicitFileType = wrapper.cfbundle; includeInIndex = 0; path = CHEPICSTests.xctest; sourceTree = BUILT_PRODUCTS_DIR; };
		E4C6BE232B6F68F3003B56AD /* CHEPICSTests.swift */ = {isa = PBXFileReference; lastKnownFileType = sourcecode.swift; path = CHEPICSTests.swift; sourceTree = "<group>"; };
		E4C6BE292B6F68F3003B56AD /* CHEPICSUITests.xctest */ = {isa = PBXFileReference; explicitFileType = wrapper.cfbundle; includeInIndex = 0; path = CHEPICSUITests.xctest; sourceTree = BUILT_PRODUCTS_DIR; };
		E4C6BE2D2B6F68F3003B56AD /* CHEPICSUITests.swift */ = {isa = PBXFileReference; lastKnownFileType = sourcecode.swift; path = CHEPICSUITests.swift; sourceTree = "<group>"; };
		E4C6BE2F2B6F68F3003B56AD /* CHEPICSUITestsLaunchTests.swift */ = {isa = PBXFileReference; lastKnownFileType = sourcecode.swift; path = CHEPICSUITestsLaunchTests.swift; sourceTree = "<group>"; };
/* End PBXFileReference section */

/* Begin PBXFrameworksBuildPhase section */
		E4C6BE0C2B6F68EE003B56AD /* Frameworks */ = {
			isa = PBXFrameworksBuildPhase;
			buildActionMask = 2147483647;
			files = (
				251FE42A2BC79C85008C3254 /* Alamofire in Frameworks */,
				E49366232BBD05830093D286 /* Nuke in Frameworks */,
				E457A04F2BCA6A7B003DFB9F /* KeychainAccess in Frameworks */,
				6916B39A2BAAE60B009A8670 /* Kingfisher in Frameworks */,
				25862EBF2BBB7D9700FC4225 /* SwiftUIIntrospect in Frameworks */,
				E49366252BBD05830093D286 /* NukeUI in Frameworks */,
			);
			runOnlyForDeploymentPostprocessing = 0;
		};
		E4C6BE1C2B6F68F3003B56AD /* Frameworks */ = {
			isa = PBXFrameworksBuildPhase;
			buildActionMask = 2147483647;
			files = (
			);
			runOnlyForDeploymentPostprocessing = 0;
		};
		E4C6BE262B6F68F3003B56AD /* Frameworks */ = {
			isa = PBXFrameworksBuildPhase;
			buildActionMask = 2147483647;
			files = (
			);
			runOnlyForDeploymentPostprocessing = 0;
		};
/* End PBXFrameworksBuildPhase section */

/* Begin PBXGroup section */
		251FE4312BC7A357008C3254 /* Extension */ = {
			isa = PBXGroup;
			children = (
				251FE4322BC7A365008C3254 /* APIError+Extension.swift */,
			);
			path = Extension;
			sourceTree = "<group>";
		};
		251FE43A2BCE38CF008C3254 /* Explore */ = {
			isa = PBXGroup;
			children = (
				E457A0DB2BD71401003DFB9F /* ViewParts */,
				25893F782BD0DF9F001174D5 /* Result */,
				25893F772BD0DF99001174D5 /* Top */,
			);
			path = Explore;
			sourceTree = "<group>";
		};
		252D71372BA913B400485877 /* Tab */ = {
			isa = PBXGroup;
			children = (
				252D71382BA913C600485877 /* MainTabView.swift */,
				252D71522BABBA5A00485877 /* MainTabViewModel.swift */,
				25F67D312BAC00F9007406FC /* ImageView.swift */,
			);
			path = Tab;
			sourceTree = "<group>";
		};
		2566F5252B898C5400CAD739 /* Extension */ = {
			isa = PBXGroup;
			children = (
				2566F52C2B89943E00CAD739 /* Color+Extension.swift */,
				69EC795D2B9C6B3F0096AA55 /* UIApplication+Extension.swift */,
				6916B39E2BAAF4B3009A8670 /* Int+Extension.swift */,
				6916B3A02BAAF6D3009A8670 /* Date+Extension.swift */,
			);
			path = Extension;
			sourceTree = "<group>";
		};
		2566F52E2B89976300CAD739 /* Login */ = {
			isa = PBXGroup;
			children = (
				259B51BC2B860A8B00978256 /* LoginView.swift */,
				259B51BE2B860B5300978256 /* LoginViewModel.swift */,
			);
			path = Login;
			sourceTree = "<group>";
		};
		2566F52F2B89976D00CAD739 /* EmailRegistration */ = {
			isa = PBXGroup;
			children = (
				2566F5302B89F54D00CAD739 /* EmailRegistrationView.swift */,
				2566F5372B89F75B00CAD739 /* EmailRegistrationViewModel.swift */,
			);
			path = EmailRegistration;
			sourceTree = "<group>";
		};
		2566F5322B89F5E900CAD739 /* CommonParts */ = {
			isa = PBXGroup;
			children = (
				25862EB82BBA2F2300FC4225 /* CommentCell.swift */,
				69EC795B2B9C63F30096AA55 /* CustomTextEditor.swift */,
				252D71542BABEBF600485877 /* GridImagesView.swift */,
				2566F5352B89F62A00CAD739 /* LoadingView.swift */,
				252D713C2BA918ED00485877 /* TopicCell.swift */,
				251A71A92BDA113F002322DD /* UserCell.swift */,
				251A71AB2BDA13FF002322DD /* UserIconView.swift */,
			);
			path = CommonParts;
			sourceTree = "<group>";
		};
		2566F5392B89FB1800CAD739 /* OneTimeCode */ = {
			isa = PBXGroup;
			children = (
				2566F53A2B89FB4900CAD739 /* OneTimeCodeView.swift */,
				2566F53C2B8A148100CAD739 /* OneTimeCodeViewModel.swift */,
			);
			path = OneTimeCode;
			sourceTree = "<group>";
		};
		2566F5442B8AA62100CAD739 /* UICommon */ = {
			isa = PBXGroup;
			children = (
				2566F5452B8AA63D00CAD739 /* UIViewControllerLifeCycleRepresentable.swift */,
				2566F5472B8AA66D00CAD739 /* View+Extension.swift */,
			);
			path = UICommon;
			sourceTree = "<group>";
		};
		256C67152BAD6BA600260ADE /* Profile */ = {
			isa = PBXGroup;
			children = (
				256C67162BAD6BB500260ADE /* ProfileUseCase.swift */,
			);
			path = Profile;
			sourceTree = "<group>";
		};
		256CFEF02BDBAF1D0000709E /* Search */ = {
			isa = PBXGroup;
			children = (
				256CFEF12BDBAF2F0000709E /* ExploreResultUseCase.swift */,
			);
			path = Search;
			sourceTree = "<group>";
		};
		2583F23C2B6F6B2400E68CAD /* Feature */ = {
			isa = PBXGroup;
			children = (
				2566F53E2B8A152400CAD739 /* Constants.swift */,
				259B51BA2B860A5B00978256 /* Authentication */,
				2566F5322B89F5E900CAD739 /* CommonParts */,
				69EC79532B9C609B0096AA55 /* CreateTopic */,
				251FE43A2BCE38CF008C3254 /* Explore */,
				2566F5252B898C5400CAD739 /* Extension */,
				2583F2442B6F6CBF00E68CAD /* Feed */,
				25F67D732BAD0AD5007406FC /* Profile */,
				252D71372BA913B400485877 /* Tab */,
			);
			path = Feature;
			sourceTree = "<group>";
		};
		2583F23D2B6F6B2B00E68CAD /* UseCase */ = {
			isa = PBXGroup;
			children = (
				69EC79322B8ABDE10096AA55 /* Authentication */,
				6916B39B2BAAED5D009A8670 /* Feed */,
				256C67152BAD6BA600260ADE /* Profile */,
				256CFEF02BDBAF1D0000709E /* Search */,
			);
			path = UseCase;
			sourceTree = "<group>";
		};
		2583F23E2B6F6B4400E68CAD /* Repository */ = {
			isa = PBXGroup;
			children = (
				251FE4222BC79A10008C3254 /* AuthRepository.swift */,
				256CFEEE2BDBAE900000709E /* SearchRepository.swift */,
				6916B3962BAAE3CA009A8670 /* TopicRepository.swift */,
				2583F2402B6F6B5C00E68CAD /* DataSource */,
			);
			path = Repository;
			sourceTree = "<group>";
		};
		2583F23F2B6F6B5700E68CAD /* Infra */ = {
			isa = PBXGroup;
			children = (
				E457A0D62BCF90FC003DFB9F /* Common */,
				251FE4312BC7A357008C3254 /* Extension */,
				2583F2412B6F6B6200E68CAD /* LocalSource */,
				2583F2422B6F6B6700E68CAD /* RemoteSource */,
			);
			path = Infra;
			sourceTree = "<group>";
		};
		2583F2402B6F6B5C00E68CAD /* DataSource */ = {
			isa = PBXGroup;
			children = (
				251FE4242BC79B79008C3254 /* AuthDataSource.swift */,
				E457A0492BCA61C4003DFB9F /* TokenDataSource.swift */,
				6916B3922BAAE30E009A8670 /* TopicDataSource.swift */,
				256CFEEA2BDBAD7F0000709E /* SearchDataSource.swift */,
			);
			path = DataSource;
			sourceTree = "<group>";
		};
		2583F2412B6F6B6200E68CAD /* LocalSource */ = {
			isa = PBXGroup;
			children = (
				E457A04B2BCA6233003DFB9F /* TokenStoreLocalSource.swift */,
				251FE4202BC764C6008C3254 /* UserDefaults+Infra.swift */,
				E457A0502BCA6BAF003DFB9F /* KeychainAccess.swift */,
			);
			path = LocalSource;
			sourceTree = "<group>";
		};
		2583F2422B6F6B6700E68CAD /* RemoteSource */ = {
			isa = PBXGroup;
			children = (
				251FE41E2BC76192008C3254 /* API.swift */,
				251FE4262BC79BB8008C3254 /* AuthRemoteSource.swift */,
				6916B3942BAAE364009A8670 /* TopicRemoteSource.swift */,
				256CFEEC2BDBADD70000709E /* SearchRemoteSource.swift */,
			);
			path = RemoteSource;
			sourceTree = "<group>";
		};
		2583F2432B6F6B9400E68CAD /* DomainModel */ = {
			isa = PBXGroup;
			children = (
				2566F5422B8A176A00CAD739 /* APIError.swift */,
				E457A0472BCA6131003DFB9F /* AuthResponse.swift */,
				251FE4362BC8EFA3008C3254 /* CheckCodeBody.swift */,
				E49366262BC0B6670093D286 /* Comment.swift */,
				E49366282BC0B7E50093D286 /* CommentImage.swift */,
				E457A0452BCA60CC003DFB9F /* CreateUserBody.swift */,
				251FE42F2BC7A164008C3254 /* ErrorResponse.swift */,
				252D71312BA83ED200485877 /* HeaderKeys.swift */,
				6916B3832BAAD5AB009A8670 /* Items.swift */,
				6916B38D2BAADBC4009A8670 /* PickSet.swift */,
				6916B3852BAAD8A6009A8670 /* Topic.swift */,
				6916B38B2BAADA96009A8670 /* TopicImage.swift */,
				251FE4342BC7A525008C3254 /* URLDefinitions.swift */,
				6916B3872BAAD95C009A8670 /* User.swift */,
				E457A0D92BCF9B62003DFB9F /* LoginBody.swift */,
			);
			path = DomainModel;
			sourceTree = "<group>";
		};
		2583F2442B6F6CBF00E68CAD /* Feed */ = {
			isa = PBXGroup;
			children = (
				2583F2462B6F6CD400E68CAD /* FeedView.swift */,
				252D713E2BA91BAA00485877 /* FeedViewModel.swift */,
			);
			path = Feed;
			sourceTree = "<group>";
		};
		25893F772BD0DF99001174D5 /* Top */ = {
			isa = PBXGroup;
			children = (
				25893F7D2BD0E042001174D5 /* ExploreTopView.swift */,
				251FE43D2BCE3938008C3254 /* ExploreTopViewModel.swift */,
			);
			path = Top;
			sourceTree = "<group>";
		};
		25893F782BD0DF9F001174D5 /* Result */ = {
			isa = PBXGroup;
			children = (
				25893F792BD0DFCA001174D5 /* ExploreResultView.swift */,
				25893F7B2BD0DFD5001174D5 /* ExploreResultViewModel.swift */,
			);
			path = Result;
			sourceTree = "<group>";
		};
		259B51BA2B860A5B00978256 /* Authentication */ = {
			isa = PBXGroup;
			children = (
				25C88DAC2B8C33B4002455A3 /* IconRegistration */,
				69EC79502B8B67A70096AA55 /* Completion */,
				69EC79492B8B61D80096AA55 /* NameRegistration */,
				69EC79332B8ABE610096AA55 /* PasswordRegistration */,
				2566F5392B89FB1800CAD739 /* OneTimeCode */,
				2566F52F2B89976D00CAD739 /* EmailRegistration */,
				2566F52E2B89976300CAD739 /* Login */,
				259B51C02B860C7000978256 /* ViewParts */,
			);
			path = Authentication;
			sourceTree = "<group>";
		};
		259B51C02B860C7000978256 /* ViewParts */ = {
			isa = PBXGroup;
			children = (
				259B51C12B860CA000978256 /* RoundButton.swift */,
				69EC793E2B8AC78C0096AA55 /* HeaderView.swift */,
			);
			path = ViewParts;
			sourceTree = "<group>";
		};
		25C88DAC2B8C33B4002455A3 /* IconRegistration */ = {
			isa = PBXGroup;
			children = (
				25C88DAD2B8C33C4002455A3 /* IconRegistrationView.swift */,
				25C88DAF2B8C33FD002455A3 /* IconRegistrationViewModel.swift */,
			);
			path = IconRegistration;
			sourceTree = "<group>";
		};
		25F67D732BAD0AD5007406FC /* Profile */ = {
			isa = PBXGroup;
			children = (
				25F67D742BAD0C61007406FC /* ProfileView.swift */,
				256C67132BAD483F00260ADE /* ProfileViewModel.swift */,
			);
			path = Profile;
			sourceTree = "<group>";
		};
		6916B38F2BAADD73009A8670 /* Mock */ = {
			isa = PBXGroup;
			children = (
				6916B3902BAADD7D009A8670 /* mocks.swift */,
			);
			path = Mock;
			sourceTree = "<group>";
		};
		6916B39B2BAAED5D009A8670 /* Feed */ = {
			isa = PBXGroup;
			children = (
				6916B39C2BAAED64009A8670 /* FeedUseCase.swift */,
			);
			path = Feed;
			sourceTree = "<group>";
		};
		69EC79322B8ABDE10096AA55 /* Authentication */ = {
			isa = PBXGroup;
			children = (
				2566F5402B8A16CE00CAD739 /* EmailRegistrationUseCase.swift */,
				69EC79472B8ACFA20096AA55 /* LoginUseCase.swift */,
				69EC794E2B8B644F0096AA55 /* NameRegistrationUseCase.swift */,
				2566F5492B8AADF300CAD739 /* OneTimeCodeUseCase.swift */,
				69EC793A2B8AC0BF0096AA55 /* PasswordRegistrationUseCase.swift */,
			);
			path = Authentication;
			sourceTree = "<group>";
		};
		69EC79332B8ABE610096AA55 /* PasswordRegistration */ = {
			isa = PBXGroup;
			children = (
				69EC79342B8ABE750096AA55 /* PasswordRegistrationView.swift */,
				69EC79362B8ABEA90096AA55 /* PasswordRegistrationViewModel.swift */,
			);
			path = PasswordRegistration;
			sourceTree = "<group>";
		};
		69EC79492B8B61D80096AA55 /* NameRegistration */ = {
			isa = PBXGroup;
			children = (
				69EC794A2B8B61EA0096AA55 /* NameRegistrationView.swift */,
				69EC794C2B8B61F10096AA55 /* NameRegistrationViewModel.swift */,
			);
			path = NameRegistration;
			sourceTree = "<group>";
		};
		69EC79502B8B67A70096AA55 /* Completion */ = {
			isa = PBXGroup;
			children = (
				69EC79512B8B67B70096AA55 /* CompleteRegistrationView.swift */,
			);
			path = Completion;
			sourceTree = "<group>";
		};
		69EC79532B9C609B0096AA55 /* CreateTopic */ = {
			isa = PBXGroup;
			children = (
				69EC79542B9C60B50096AA55 /* CreateTopicView.swift */,
				69EC79562B9C60C60096AA55 /* CreateTopicViewModel.swift */,
			);
			path = CreateTopic;
			sourceTree = "<group>";
		};
		E457A0D62BCF90FC003DFB9F /* Common */ = {
			isa = PBXGroup;
			children = (
				E457A0D72BCF9130003DFB9F /* TokenStore.swift */,
			);
			path = Common;
			sourceTree = "<group>";
		};
		E457A0DB2BD71401003DFB9F /* ViewParts */ = {
			isa = PBXGroup;
			children = (
				E457A0DE2BD7143F003DFB9F /* SearchTextField.swift */,
			);
			path = ViewParts;
			sourceTree = "<group>";
		};
		E4C6BE062B6F68ED003B56AD = {
			isa = PBXGroup;
			children = (
				E4C6BE112B6F68EE003B56AD /* CHEPICS */,
				E4C6BE222B6F68F3003B56AD /* CHEPICSTests */,
				E4C6BE2C2B6F68F3003B56AD /* CHEPICSUITests */,
				E4C6BE102B6F68EE003B56AD /* Products */,
			);
			sourceTree = "<group>";
		};
		E4C6BE102B6F68EE003B56AD /* Products */ = {
			isa = PBXGroup;
			children = (
				E4C6BE0F2B6F68EE003B56AD /* CHEPICS.app */,
				E4C6BE1F2B6F68F3003B56AD /* CHEPICSTests.xctest */,
				E4C6BE292B6F68F3003B56AD /* CHEPICSUITests.xctest */,
			);
			name = Products;
			sourceTree = "<group>";
		};
		E4C6BE112B6F68EE003B56AD /* CHEPICS */ = {
			isa = PBXGroup;
			children = (
				252D71202BA7FFB000485877 /* AppDelegate.swift */,
				E4C6BE122B6F68EE003B56AD /* CHEPICSApp.swift */,
				E4C6BE142B6F68EE003B56AD /* ContentView.swift */,
				2566F52A2B898D6300CAD739 /* DIFactory.swift */,
				E4C6BE162B6F68F2003B56AD /* Assets.xcassets */,
				2583F2432B6F6B9400E68CAD /* DomainModel */,
				2583F23C2B6F6B2400E68CAD /* Feature */,
				2583F23F2B6F6B5700E68CAD /* Infra */,
				6916B38F2BAADD73009A8670 /* Mock */,
				E4C6BE182B6F68F2003B56AD /* Preview Content */,
				2583F23E2B6F6B4400E68CAD /* Repository */,
				2566F5442B8AA62100CAD739 /* UICommon */,
				2583F23D2B6F6B2B00E68CAD /* UseCase */,
			);
			path = CHEPICS;
			sourceTree = "<group>";
		};
		E4C6BE182B6F68F2003B56AD /* Preview Content */ = {
			isa = PBXGroup;
			children = (
				E4C6BE192B6F68F2003B56AD /* Preview Assets.xcassets */,
			);
			path = "Preview Content";
			sourceTree = "<group>";
		};
		E4C6BE222B6F68F3003B56AD /* CHEPICSTests */ = {
			isa = PBXGroup;
			children = (
				E4C6BE232B6F68F3003B56AD /* CHEPICSTests.swift */,
			);
			path = CHEPICSTests;
			sourceTree = "<group>";
		};
		E4C6BE2C2B6F68F3003B56AD /* CHEPICSUITests */ = {
			isa = PBXGroup;
			children = (
				E4C6BE2D2B6F68F3003B56AD /* CHEPICSUITests.swift */,
				E4C6BE2F2B6F68F3003B56AD /* CHEPICSUITestsLaunchTests.swift */,
			);
			path = CHEPICSUITests;
			sourceTree = "<group>";
		};
/* End PBXGroup section */

/* Begin PBXNativeTarget section */
		E4C6BE0E2B6F68EE003B56AD /* CHEPICS */ = {
			isa = PBXNativeTarget;
			buildConfigurationList = E4C6BE332B6F68F3003B56AD /* Build configuration list for PBXNativeTarget "CHEPICS" */;
			buildPhases = (
				E4C6BE0B2B6F68EE003B56AD /* Sources */,
				E4C6BE0C2B6F68EE003B56AD /* Frameworks */,
				E4C6BE0D2B6F68EE003B56AD /* Resources */,
				251FE42E2BC79DCC008C3254 /* Embed Frameworks */,
			);
			buildRules = (
			);
			dependencies = (
			);
			name = CHEPICS;
			packageProductDependencies = (
				6916B3992BAAE60B009A8670 /* Kingfisher */,
				25862EBE2BBB7D9700FC4225 /* SwiftUIIntrospect */,
				E49366222BBD05830093D286 /* Nuke */,
				E49366242BBD05830093D286 /* NukeUI */,
				251FE4292BC79C85008C3254 /* Alamofire */,
				E457A04E2BCA6A7B003DFB9F /* KeychainAccess */,
			);
			productName = CHEPICS;
			productReference = E4C6BE0F2B6F68EE003B56AD /* CHEPICS.app */;
			productType = "com.apple.product-type.application";
		};
		E4C6BE1E2B6F68F3003B56AD /* CHEPICSTests */ = {
			isa = PBXNativeTarget;
			buildConfigurationList = E4C6BE362B6F68F3003B56AD /* Build configuration list for PBXNativeTarget "CHEPICSTests" */;
			buildPhases = (
				E4C6BE1B2B6F68F3003B56AD /* Sources */,
				E4C6BE1C2B6F68F3003B56AD /* Frameworks */,
				E4C6BE1D2B6F68F3003B56AD /* Resources */,
			);
			buildRules = (
			);
			dependencies = (
				E4C6BE212B6F68F3003B56AD /* PBXTargetDependency */,
			);
			name = CHEPICSTests;
			productName = CHEPICSTests;
			productReference = E4C6BE1F2B6F68F3003B56AD /* CHEPICSTests.xctest */;
			productType = "com.apple.product-type.bundle.unit-test";
		};
		E4C6BE282B6F68F3003B56AD /* CHEPICSUITests */ = {
			isa = PBXNativeTarget;
			buildConfigurationList = E4C6BE392B6F68F3003B56AD /* Build configuration list for PBXNativeTarget "CHEPICSUITests" */;
			buildPhases = (
				E4C6BE252B6F68F3003B56AD /* Sources */,
				E4C6BE262B6F68F3003B56AD /* Frameworks */,
				E4C6BE272B6F68F3003B56AD /* Resources */,
			);
			buildRules = (
			);
			dependencies = (
				E4C6BE2B2B6F68F3003B56AD /* PBXTargetDependency */,
			);
			name = CHEPICSUITests;
			productName = CHEPICSUITests;
			productReference = E4C6BE292B6F68F3003B56AD /* CHEPICSUITests.xctest */;
			productType = "com.apple.product-type.bundle.ui-testing";
		};
/* End PBXNativeTarget section */

/* Begin PBXProject section */
		E4C6BE072B6F68ED003B56AD /* Project object */ = {
			isa = PBXProject;
			attributes = {
				BuildIndependentTargetsInParallel = 1;
				LastSwiftUpdateCheck = 1510;
				LastUpgradeCheck = 1510;
				TargetAttributes = {
					E4C6BE0E2B6F68EE003B56AD = {
						CreatedOnToolsVersion = 15.1;
					};
					E4C6BE1E2B6F68F3003B56AD = {
						CreatedOnToolsVersion = 15.1;
						TestTargetID = E4C6BE0E2B6F68EE003B56AD;
					};
					E4C6BE282B6F68F3003B56AD = {
						CreatedOnToolsVersion = 15.1;
						TestTargetID = E4C6BE0E2B6F68EE003B56AD;
					};
				};
			};
			buildConfigurationList = E4C6BE0A2B6F68ED003B56AD /* Build configuration list for PBXProject "CHEPICS" */;
			compatibilityVersion = "Xcode 14.0";
			developmentRegion = en;
			hasScannedForEncodings = 0;
			knownRegions = (
				en,
				Base,
			);
			mainGroup = E4C6BE062B6F68ED003B56AD;
			packageReferences = (
				6916B3982BAAE60B009A8670 /* XCRemoteSwiftPackageReference "Kingfisher" */,
				25862EBD2BBB7D9700FC4225 /* XCRemoteSwiftPackageReference "SwiftUI-Introspect" */,
				E49366212BBD05830093D286 /* XCRemoteSwiftPackageReference "Nuke" */,
				251FE4282BC79C85008C3254 /* XCRemoteSwiftPackageReference "Alamofire" */,
				E457A04D2BCA6A7B003DFB9F /* XCRemoteSwiftPackageReference "KeychainAccess" */,
			);
			productRefGroup = E4C6BE102B6F68EE003B56AD /* Products */;
			projectDirPath = "";
			projectRoot = "";
			targets = (
				E4C6BE0E2B6F68EE003B56AD /* CHEPICS */,
				E4C6BE1E2B6F68F3003B56AD /* CHEPICSTests */,
				E4C6BE282B6F68F3003B56AD /* CHEPICSUITests */,
			);
		};
/* End PBXProject section */

/* Begin PBXResourcesBuildPhase section */
		E4C6BE0D2B6F68EE003B56AD /* Resources */ = {
			isa = PBXResourcesBuildPhase;
			buildActionMask = 2147483647;
			files = (
				E4C6BE1A2B6F68F2003B56AD /* Preview Assets.xcassets in Resources */,
				E4C6BE172B6F68F2003B56AD /* Assets.xcassets in Resources */,
			);
			runOnlyForDeploymentPostprocessing = 0;
		};
		E4C6BE1D2B6F68F3003B56AD /* Resources */ = {
			isa = PBXResourcesBuildPhase;
			buildActionMask = 2147483647;
			files = (
			);
			runOnlyForDeploymentPostprocessing = 0;
		};
		E4C6BE272B6F68F3003B56AD /* Resources */ = {
			isa = PBXResourcesBuildPhase;
			buildActionMask = 2147483647;
			files = (
			);
			runOnlyForDeploymentPostprocessing = 0;
		};
/* End PBXResourcesBuildPhase section */

/* Begin PBXSourcesBuildPhase section */
		E4C6BE0B2B6F68EE003B56AD /* Sources */ = {
			isa = PBXSourcesBuildPhase;
			buildActionMask = 2147483647;
			files = (
				6916B3882BAAD95C009A8670 /* User.swift in Sources */,
				251FE4232BC79A10008C3254 /* AuthRepository.swift in Sources */,
				E49366272BC0B6670093D286 /* Comment.swift in Sources */,
				69EC79522B8B67B70096AA55 /* CompleteRegistrationView.swift in Sources */,
				69EC794B2B8B61EA0096AA55 /* NameRegistrationView.swift in Sources */,
				252D71212BA7FFB100485877 /* AppDelegate.swift in Sources */,
				256CFEEB2BDBAD7F0000709E /* SearchDataSource.swift in Sources */,
				251FE4212BC764C6008C3254 /* UserDefaults+Infra.swift in Sources */,
				E49366292BC0B7E50093D286 /* CommentImage.swift in Sources */,
				2566F53D2B8A148100CAD739 /* OneTimeCodeViewModel.swift in Sources */,
				6916B3972BAAE3CA009A8670 /* TopicRepository.swift in Sources */,
				69EC795E2B9C6B3F0096AA55 /* UIApplication+Extension.swift in Sources */,
				2566F5312B89F54D00CAD739 /* EmailRegistrationView.swift in Sources */,
				2566F5482B8AA66D00CAD739 /* View+Extension.swift in Sources */,
				2566F5382B89F75B00CAD739 /* EmailRegistrationViewModel.swift in Sources */,
				259B51C22B860CA000978256 /* RoundButton.swift in Sources */,
				E457A04C2BCA6233003DFB9F /* TokenStoreLocalSource.swift in Sources */,
				2566F52D2B89943E00CAD739 /* Color+Extension.swift in Sources */,
				E457A0DF2BD7143F003DFB9F /* SearchTextField.swift in Sources */,
				251FE4272BC79BB8008C3254 /* AuthRemoteSource.swift in Sources */,
				252D713D2BA918ED00485877 /* TopicCell.swift in Sources */,
				2566F5412B8A16CE00CAD739 /* EmailRegistrationUseCase.swift in Sources */,
				69EC794D2B8B61F10096AA55 /* NameRegistrationViewModel.swift in Sources */,
				256CFEF22BDBAF2F0000709E /* ExploreResultUseCase.swift in Sources */,
				256C67142BAD483F00260ADE /* ProfileViewModel.swift in Sources */,
				6916B3862BAAD8A6009A8670 /* Topic.swift in Sources */,
				251FE4332BC7A365008C3254 /* APIError+Extension.swift in Sources */,
				E457A0482BCA6131003DFB9F /* AuthResponse.swift in Sources */,
				69EC795C2B9C63F30096AA55 /* CustomTextEditor.swift in Sources */,
				E4C6BE152B6F68EE003B56AD /* ContentView.swift in Sources */,
				252D71532BABBA5A00485877 /* MainTabViewModel.swift in Sources */,
				2566F53F2B8A152400CAD739 /* Constants.swift in Sources */,
				2566F5362B89F62A00CAD739 /* LoadingView.swift in Sources */,
				2566F54A2B8AADF300CAD739 /* OneTimeCodeUseCase.swift in Sources */,
				251A71AA2BDA113F002322DD /* UserCell.swift in Sources */,
				25893F7A2BD0DFCA001174D5 /* ExploreResultView.swift in Sources */,
				25F67D752BAD0C61007406FC /* ProfileView.swift in Sources */,
				251FE4372BC8EFA3008C3254 /* CheckCodeBody.swift in Sources */,
				6916B3932BAAE30E009A8670 /* TopicDataSource.swift in Sources */,
				2583F2472B6F6CD400E68CAD /* FeedView.swift in Sources */,
				256CFEEF2BDBAE900000709E /* SearchRepository.swift in Sources */,
				69EC794F2B8B644F0096AA55 /* NameRegistrationUseCase.swift in Sources */,
				251FE4302BC7A164008C3254 /* ErrorResponse.swift in Sources */,
				6916B3842BAAD5AB009A8670 /* Items.swift in Sources */,
				6916B38E2BAADBC4009A8670 /* PickSet.swift in Sources */,
				69EC79572B9C60C60096AA55 /* CreateTopicViewModel.swift in Sources */,
				69EC793B2B8AC0BF0096AA55 /* PasswordRegistrationUseCase.swift in Sources */,
				6916B3952BAAE364009A8670 /* TopicRemoteSource.swift in Sources */,
				25C88DAE2B8C33C4002455A3 /* IconRegistrationView.swift in Sources */,
				6916B3A12BAAF6D3009A8670 /* Date+Extension.swift in Sources */,
				259B51BD2B860A8B00978256 /* LoginView.swift in Sources */,
				25F67D322BAC00F9007406FC /* ImageView.swift in Sources */,
				25862EB92BBA2F2400FC4225 /* CommentCell.swift in Sources */,
				25893F7C2BD0DFD5001174D5 /* ExploreResultViewModel.swift in Sources */,
				252D71392BA913C600485877 /* MainTabView.swift in Sources */,
				259B51BF2B860B5300978256 /* LoginViewModel.swift in Sources */,
				251FE43E2BCE3938008C3254 /* ExploreTopViewModel.swift in Sources */,
				252D713F2BA91BAA00485877 /* FeedViewModel.swift in Sources */,
				E457A0D82BCF9130003DFB9F /* TokenStore.swift in Sources */,
				256CFEED2BDBADD70000709E /* SearchRemoteSource.swift in Sources */,
				E457A0462BCA60CC003DFB9F /* CreateUserBody.swift in Sources */,
				69EC79372B8ABEA90096AA55 /* PasswordRegistrationViewModel.swift in Sources */,
				E457A0DA2BCF9B62003DFB9F /* LoginBody.swift in Sources */,
				69EC79552B9C60B50096AA55 /* CreateTopicView.swift in Sources */,
				6916B38C2BAADA96009A8670 /* TopicImage.swift in Sources */,
				251FE4252BC79B79008C3254 /* AuthDataSource.swift in Sources */,
				25893F7E2BD0E042001174D5 /* ExploreTopView.swift in Sources */,
				6916B39F2BAAF4B3009A8670 /* Int+Extension.swift in Sources */,
				6916B39D2BAAED64009A8670 /* FeedUseCase.swift in Sources */,
				69EC79352B8ABE750096AA55 /* PasswordRegistrationView.swift in Sources */,
				2566F53B2B89FB4900CAD739 /* OneTimeCodeView.swift in Sources */,
				256C67172BAD6BB500260ADE /* ProfileUseCase.swift in Sources */,
				252D71552BABEBF600485877 /* GridImagesView.swift in Sources */,
				251FE41F2BC76192008C3254 /* API.swift in Sources */,
				2566F5462B8AA63D00CAD739 /* UIViewControllerLifeCycleRepresentable.swift in Sources */,
				2566F52B2B898D6300CAD739 /* DIFactory.swift in Sources */,
				252D71322BA83ED200485877 /* HeaderKeys.swift in Sources */,
				251FE4352BC7A525008C3254 /* URLDefinitions.swift in Sources */,
				6916B3912BAADD7D009A8670 /* mocks.swift in Sources */,
				E4C6BE132B6F68EE003B56AD /* CHEPICSApp.swift in Sources */,
				25C88DB02B8C33FD002455A3 /* IconRegistrationViewModel.swift in Sources */,
				E457A04A2BCA61C4003DFB9F /* TokenDataSource.swift in Sources */,
				2566F5432B8A176A00CAD739 /* APIError.swift in Sources */,
				E457A0512BCA6BAF003DFB9F /* KeychainAccess.swift in Sources */,
				251A71AC2BDA13FF002322DD /* UserIconView.swift in Sources */,
				69EC793F2B8AC78C0096AA55 /* HeaderView.swift in Sources */,
				69EC79482B8ACFA20096AA55 /* LoginUseCase.swift in Sources */,
			);
			runOnlyForDeploymentPostprocessing = 0;
		};
		E4C6BE1B2B6F68F3003B56AD /* Sources */ = {
			isa = PBXSourcesBuildPhase;
			buildActionMask = 2147483647;
			files = (
				E4C6BE242B6F68F3003B56AD /* CHEPICSTests.swift in Sources */,
			);
			runOnlyForDeploymentPostprocessing = 0;
		};
		E4C6BE252B6F68F3003B56AD /* Sources */ = {
			isa = PBXSourcesBuildPhase;
			buildActionMask = 2147483647;
			files = (
				E4C6BE302B6F68F3003B56AD /* CHEPICSUITestsLaunchTests.swift in Sources */,
				E4C6BE2E2B6F68F3003B56AD /* CHEPICSUITests.swift in Sources */,
			);
			runOnlyForDeploymentPostprocessing = 0;
		};
/* End PBXSourcesBuildPhase section */

/* Begin PBXTargetDependency section */
		E4C6BE212B6F68F3003B56AD /* PBXTargetDependency */ = {
			isa = PBXTargetDependency;
			target = E4C6BE0E2B6F68EE003B56AD /* CHEPICS */;
			targetProxy = E4C6BE202B6F68F3003B56AD /* PBXContainerItemProxy */;
		};
		E4C6BE2B2B6F68F3003B56AD /* PBXTargetDependency */ = {
			isa = PBXTargetDependency;
			target = E4C6BE0E2B6F68EE003B56AD /* CHEPICS */;
			targetProxy = E4C6BE2A2B6F68F3003B56AD /* PBXContainerItemProxy */;
		};
/* End PBXTargetDependency section */

/* Begin XCBuildConfiguration section */
		E4C6BE312B6F68F3003B56AD /* Debug */ = {
			isa = XCBuildConfiguration;
			buildSettings = {
				ALWAYS_SEARCH_USER_PATHS = NO;
				ASSETCATALOG_COMPILER_GENERATE_SWIFT_ASSET_SYMBOL_EXTENSIONS = YES;
				CLANG_ANALYZER_NONNULL = YES;
				CLANG_ANALYZER_NUMBER_OBJECT_CONVERSION = YES_AGGRESSIVE;
				CLANG_CXX_LANGUAGE_STANDARD = "gnu++20";
				CLANG_ENABLE_MODULES = YES;
				CLANG_ENABLE_OBJC_ARC = YES;
				CLANG_ENABLE_OBJC_WEAK = YES;
				CLANG_WARN_BLOCK_CAPTURE_AUTORELEASING = YES;
				CLANG_WARN_BOOL_CONVERSION = YES;
				CLANG_WARN_COMMA = YES;
				CLANG_WARN_CONSTANT_CONVERSION = YES;
				CLANG_WARN_DEPRECATED_OBJC_IMPLEMENTATIONS = YES;
				CLANG_WARN_DIRECT_OBJC_ISA_USAGE = YES_ERROR;
				CLANG_WARN_DOCUMENTATION_COMMENTS = YES;
				CLANG_WARN_EMPTY_BODY = YES;
				CLANG_WARN_ENUM_CONVERSION = YES;
				CLANG_WARN_INFINITE_RECURSION = YES;
				CLANG_WARN_INT_CONVERSION = YES;
				CLANG_WARN_NON_LITERAL_NULL_CONVERSION = YES;
				CLANG_WARN_OBJC_IMPLICIT_RETAIN_SELF = YES;
				CLANG_WARN_OBJC_LITERAL_CONVERSION = YES;
				CLANG_WARN_OBJC_ROOT_CLASS = YES_ERROR;
				CLANG_WARN_QUOTED_INCLUDE_IN_FRAMEWORK_HEADER = YES;
				CLANG_WARN_RANGE_LOOP_ANALYSIS = YES;
				CLANG_WARN_STRICT_PROTOTYPES = YES;
				CLANG_WARN_SUSPICIOUS_MOVE = YES;
				CLANG_WARN_UNGUARDED_AVAILABILITY = YES_AGGRESSIVE;
				CLANG_WARN_UNREACHABLE_CODE = YES;
				CLANG_WARN__DUPLICATE_METHOD_MATCH = YES;
				COPY_PHASE_STRIP = NO;
				DEBUG_INFORMATION_FORMAT = dwarf;
				ENABLE_STRICT_OBJC_MSGSEND = YES;
				ENABLE_TESTABILITY = YES;
				ENABLE_USER_SCRIPT_SANDBOXING = YES;
				GCC_C_LANGUAGE_STANDARD = gnu17;
				GCC_DYNAMIC_NO_PIC = NO;
				GCC_NO_COMMON_BLOCKS = YES;
				GCC_OPTIMIZATION_LEVEL = 0;
				GCC_PREPROCESSOR_DEFINITIONS = (
					"DEBUG=1",
					"$(inherited)",
				);
				GCC_WARN_64_TO_32_BIT_CONVERSION = YES;
				GCC_WARN_ABOUT_RETURN_TYPE = YES_ERROR;
				GCC_WARN_UNDECLARED_SELECTOR = YES;
				GCC_WARN_UNINITIALIZED_AUTOS = YES_AGGRESSIVE;
				GCC_WARN_UNUSED_FUNCTION = YES;
				GCC_WARN_UNUSED_VARIABLE = YES;
				IPHONEOS_DEPLOYMENT_TARGET = 17.2;
				LOCALIZATION_PREFERS_STRING_CATALOGS = YES;
				MTL_ENABLE_DEBUG_INFO = INCLUDE_SOURCE;
				MTL_FAST_MATH = YES;
				ONLY_ACTIVE_ARCH = YES;
				SDKROOT = iphoneos;
				SWIFT_ACTIVE_COMPILATION_CONDITIONS = "DEBUG $(inherited)";
				SWIFT_OPTIMIZATION_LEVEL = "-Onone";
			};
			name = Debug;
		};
		E4C6BE322B6F68F3003B56AD /* Release */ = {
			isa = XCBuildConfiguration;
			buildSettings = {
				ALWAYS_SEARCH_USER_PATHS = NO;
				ASSETCATALOG_COMPILER_GENERATE_SWIFT_ASSET_SYMBOL_EXTENSIONS = YES;
				CLANG_ANALYZER_NONNULL = YES;
				CLANG_ANALYZER_NUMBER_OBJECT_CONVERSION = YES_AGGRESSIVE;
				CLANG_CXX_LANGUAGE_STANDARD = "gnu++20";
				CLANG_ENABLE_MODULES = YES;
				CLANG_ENABLE_OBJC_ARC = YES;
				CLANG_ENABLE_OBJC_WEAK = YES;
				CLANG_WARN_BLOCK_CAPTURE_AUTORELEASING = YES;
				CLANG_WARN_BOOL_CONVERSION = YES;
				CLANG_WARN_COMMA = YES;
				CLANG_WARN_CONSTANT_CONVERSION = YES;
				CLANG_WARN_DEPRECATED_OBJC_IMPLEMENTATIONS = YES;
				CLANG_WARN_DIRECT_OBJC_ISA_USAGE = YES_ERROR;
				CLANG_WARN_DOCUMENTATION_COMMENTS = YES;
				CLANG_WARN_EMPTY_BODY = YES;
				CLANG_WARN_ENUM_CONVERSION = YES;
				CLANG_WARN_INFINITE_RECURSION = YES;
				CLANG_WARN_INT_CONVERSION = YES;
				CLANG_WARN_NON_LITERAL_NULL_CONVERSION = YES;
				CLANG_WARN_OBJC_IMPLICIT_RETAIN_SELF = YES;
				CLANG_WARN_OBJC_LITERAL_CONVERSION = YES;
				CLANG_WARN_OBJC_ROOT_CLASS = YES_ERROR;
				CLANG_WARN_QUOTED_INCLUDE_IN_FRAMEWORK_HEADER = YES;
				CLANG_WARN_RANGE_LOOP_ANALYSIS = YES;
				CLANG_WARN_STRICT_PROTOTYPES = YES;
				CLANG_WARN_SUSPICIOUS_MOVE = YES;
				CLANG_WARN_UNGUARDED_AVAILABILITY = YES_AGGRESSIVE;
				CLANG_WARN_UNREACHABLE_CODE = YES;
				CLANG_WARN__DUPLICATE_METHOD_MATCH = YES;
				COPY_PHASE_STRIP = NO;
				DEBUG_INFORMATION_FORMAT = "dwarf-with-dsym";
				ENABLE_NS_ASSERTIONS = NO;
				ENABLE_STRICT_OBJC_MSGSEND = YES;
				ENABLE_USER_SCRIPT_SANDBOXING = YES;
				GCC_C_LANGUAGE_STANDARD = gnu17;
				GCC_NO_COMMON_BLOCKS = YES;
				GCC_WARN_64_TO_32_BIT_CONVERSION = YES;
				GCC_WARN_ABOUT_RETURN_TYPE = YES_ERROR;
				GCC_WARN_UNDECLARED_SELECTOR = YES;
				GCC_WARN_UNINITIALIZED_AUTOS = YES_AGGRESSIVE;
				GCC_WARN_UNUSED_FUNCTION = YES;
				GCC_WARN_UNUSED_VARIABLE = YES;
				IPHONEOS_DEPLOYMENT_TARGET = 17.2;
				LOCALIZATION_PREFERS_STRING_CATALOGS = YES;
				MTL_ENABLE_DEBUG_INFO = NO;
				MTL_FAST_MATH = YES;
				SDKROOT = iphoneos;
				SWIFT_COMPILATION_MODE = wholemodule;
				VALIDATE_PRODUCT = YES;
			};
			name = Release;
		};
		E4C6BE342B6F68F3003B56AD /* Debug */ = {
			isa = XCBuildConfiguration;
			buildSettings = {
				ASSETCATALOG_COMPILER_APPICON_NAME = AppIcon;
				ASSETCATALOG_COMPILER_GLOBAL_ACCENT_COLOR_NAME = AccentColor;
				CODE_SIGN_STYLE = Automatic;
				CURRENT_PROJECT_VERSION = 0.0.12;
				DEVELOPMENT_ASSET_PATHS = "\"CHEPICS/Preview Content\"";
				DEVELOPMENT_TEAM = 5H954Y6JS7;
				ENABLE_PREVIEWS = YES;
				GENERATE_INFOPLIST_FILE = YES;
				INFOPLIST_KEY_UIApplicationSceneManifest_Generation = YES;
				INFOPLIST_KEY_UIApplicationSupportsIndirectInputEvents = YES;
				INFOPLIST_KEY_UILaunchScreen_Generation = YES;
				INFOPLIST_KEY_UISupportedInterfaceOrientations = UIInterfaceOrientationPortrait;
				INFOPLIST_KEY_UISupportedInterfaceOrientations_iPad = "UIInterfaceOrientationLandscapeLeft UIInterfaceOrientationLandscapeRight UIInterfaceOrientationPortrait UIInterfaceOrientationPortraitUpsideDown";
				IPHONEOS_DEPLOYMENT_TARGET = 16.0;
				LD_RUNPATH_SEARCH_PATHS = (
					"$(inherited)",
					"@executable_path/Frameworks",
				);
				MARKETING_VERSION = 1.0.0;
				PRODUCT_BUNDLE_IDENTIFIER = com.chepics.CHERRYPICKSET;
				PRODUCT_NAME = "$(TARGET_NAME)";
				SUPPORTED_PLATFORMS = "iphoneos iphonesimulator xros xrsimulator";
				SUPPORTS_MACCATALYST = NO;
				SUPPORTS_XR_DESIGNED_FOR_IPHONE_IPAD = NO;
				SWIFT_EMIT_LOC_STRINGS = YES;
				SWIFT_VERSION = 5.0;
				TARGETED_DEVICE_FAMILY = "1,2,7";
			};
			name = Debug;
		};
		E4C6BE352B6F68F3003B56AD /* Release */ = {
			isa = XCBuildConfiguration;
			buildSettings = {
				ASSETCATALOG_COMPILER_APPICON_NAME = AppIcon;
				ASSETCATALOG_COMPILER_GLOBAL_ACCENT_COLOR_NAME = AccentColor;
				CODE_SIGN_STYLE = Automatic;
				CURRENT_PROJECT_VERSION = 0.0.12;
				DEVELOPMENT_ASSET_PATHS = "\"CHEPICS/Preview Content\"";
				DEVELOPMENT_TEAM = 5H954Y6JS7;
				ENABLE_PREVIEWS = YES;
				GENERATE_INFOPLIST_FILE = YES;
				INFOPLIST_KEY_UIApplicationSceneManifest_Generation = YES;
				INFOPLIST_KEY_UIApplicationSupportsIndirectInputEvents = YES;
				INFOPLIST_KEY_UILaunchScreen_Generation = YES;
				INFOPLIST_KEY_UISupportedInterfaceOrientations = UIInterfaceOrientationPortrait;
				INFOPLIST_KEY_UISupportedInterfaceOrientations_iPad = "UIInterfaceOrientationLandscapeLeft UIInterfaceOrientationLandscapeRight UIInterfaceOrientationPortrait UIInterfaceOrientationPortraitUpsideDown";
				IPHONEOS_DEPLOYMENT_TARGET = 16.0;
				LD_RUNPATH_SEARCH_PATHS = (
					"$(inherited)",
					"@executable_path/Frameworks",
				);
				MARKETING_VERSION = 1.0.0;
				PRODUCT_BUNDLE_IDENTIFIER = com.chepics.CHERRYPICKSET;
				PRODUCT_NAME = "$(TARGET_NAME)";
				SUPPORTED_PLATFORMS = "iphoneos iphonesimulator xros xrsimulator";
				SUPPORTS_MACCATALYST = NO;
				SUPPORTS_XR_DESIGNED_FOR_IPHONE_IPAD = NO;
				SWIFT_EMIT_LOC_STRINGS = YES;
				SWIFT_VERSION = 5.0;
				TARGETED_DEVICE_FAMILY = "1,2,7";
			};
			name = Release;
		};
		E4C6BE372B6F68F3003B56AD /* Debug */ = {
			isa = XCBuildConfiguration;
			buildSettings = {
				ALWAYS_EMBED_SWIFT_STANDARD_LIBRARIES = YES;
				BUNDLE_LOADER = "$(TEST_HOST)";
				CODE_SIGN_STYLE = Automatic;
				CURRENT_PROJECT_VERSION = 1;
				GENERATE_INFOPLIST_FILE = YES;
				IPHONEOS_DEPLOYMENT_TARGET = 17.2;
				MARKETING_VERSION = 1.0;
				PRODUCT_BUNDLE_IDENTIFIER = com.chepics.CHEPICSTests;
				PRODUCT_NAME = "$(TARGET_NAME)";
				SWIFT_EMIT_LOC_STRINGS = NO;
				SWIFT_VERSION = 5.0;
				TARGETED_DEVICE_FAMILY = "1,2";
				TEST_HOST = "$(BUILT_PRODUCTS_DIR)/CHEPICS.app/$(BUNDLE_EXECUTABLE_FOLDER_PATH)/CHEPICS";
			};
			name = Debug;
		};
		E4C6BE382B6F68F3003B56AD /* Release */ = {
			isa = XCBuildConfiguration;
			buildSettings = {
				ALWAYS_EMBED_SWIFT_STANDARD_LIBRARIES = YES;
				BUNDLE_LOADER = "$(TEST_HOST)";
				CODE_SIGN_STYLE = Automatic;
				CURRENT_PROJECT_VERSION = 1;
				GENERATE_INFOPLIST_FILE = YES;
				IPHONEOS_DEPLOYMENT_TARGET = 17.2;
				MARKETING_VERSION = 1.0;
				PRODUCT_BUNDLE_IDENTIFIER = com.chepics.CHEPICSTests;
				PRODUCT_NAME = "$(TARGET_NAME)";
				SWIFT_EMIT_LOC_STRINGS = NO;
				SWIFT_VERSION = 5.0;
				TARGETED_DEVICE_FAMILY = "1,2";
				TEST_HOST = "$(BUILT_PRODUCTS_DIR)/CHEPICS.app/$(BUNDLE_EXECUTABLE_FOLDER_PATH)/CHEPICS";
			};
			name = Release;
		};
		E4C6BE3A2B6F68F3003B56AD /* Debug */ = {
			isa = XCBuildConfiguration;
			buildSettings = {
				ALWAYS_EMBED_SWIFT_STANDARD_LIBRARIES = YES;
				CODE_SIGN_STYLE = Automatic;
				CURRENT_PROJECT_VERSION = 1;
				GENERATE_INFOPLIST_FILE = YES;
				MARKETING_VERSION = 1.0;
				PRODUCT_BUNDLE_IDENTIFIER = com.chepics.CHEPICSUITests;
				PRODUCT_NAME = "$(TARGET_NAME)";
				SWIFT_EMIT_LOC_STRINGS = NO;
				SWIFT_VERSION = 5.0;
				TARGETED_DEVICE_FAMILY = "1,2";
				TEST_TARGET_NAME = CHEPICS;
			};
			name = Debug;
		};
		E4C6BE3B2B6F68F3003B56AD /* Release */ = {
			isa = XCBuildConfiguration;
			buildSettings = {
				ALWAYS_EMBED_SWIFT_STANDARD_LIBRARIES = YES;
				CODE_SIGN_STYLE = Automatic;
				CURRENT_PROJECT_VERSION = 1;
				GENERATE_INFOPLIST_FILE = YES;
				MARKETING_VERSION = 1.0;
				PRODUCT_BUNDLE_IDENTIFIER = com.chepics.CHEPICSUITests;
				PRODUCT_NAME = "$(TARGET_NAME)";
				SWIFT_EMIT_LOC_STRINGS = NO;
				SWIFT_VERSION = 5.0;
				TARGETED_DEVICE_FAMILY = "1,2";
				TEST_TARGET_NAME = CHEPICS;
			};
			name = Release;
		};
/* End XCBuildConfiguration section */

/* Begin XCConfigurationList section */
		E4C6BE0A2B6F68ED003B56AD /* Build configuration list for PBXProject "CHEPICS" */ = {
			isa = XCConfigurationList;
			buildConfigurations = (
				E4C6BE312B6F68F3003B56AD /* Debug */,
				E4C6BE322B6F68F3003B56AD /* Release */,
			);
			defaultConfigurationIsVisible = 0;
			defaultConfigurationName = Release;
		};
		E4C6BE332B6F68F3003B56AD /* Build configuration list for PBXNativeTarget "CHEPICS" */ = {
			isa = XCConfigurationList;
			buildConfigurations = (
				E4C6BE342B6F68F3003B56AD /* Debug */,
				E4C6BE352B6F68F3003B56AD /* Release */,
			);
			defaultConfigurationIsVisible = 0;
			defaultConfigurationName = Release;
		};
		E4C6BE362B6F68F3003B56AD /* Build configuration list for PBXNativeTarget "CHEPICSTests" */ = {
			isa = XCConfigurationList;
			buildConfigurations = (
				E4C6BE372B6F68F3003B56AD /* Debug */,
				E4C6BE382B6F68F3003B56AD /* Release */,
			);
			defaultConfigurationIsVisible = 0;
			defaultConfigurationName = Release;
		};
		E4C6BE392B6F68F3003B56AD /* Build configuration list for PBXNativeTarget "CHEPICSUITests" */ = {
			isa = XCConfigurationList;
			buildConfigurations = (
				E4C6BE3A2B6F68F3003B56AD /* Debug */,
				E4C6BE3B2B6F68F3003B56AD /* Release */,
			);
			defaultConfigurationIsVisible = 0;
			defaultConfigurationName = Release;
		};
/* End XCConfigurationList section */

/* Begin XCRemoteSwiftPackageReference section */
		251FE4282BC79C85008C3254 /* XCRemoteSwiftPackageReference "Alamofire" */ = {
			isa = XCRemoteSwiftPackageReference;
			repositoryURL = "https://github.com/Alamofire/Alamofire";
			requirement = {
				kind = upToNextMajorVersion;
				minimumVersion = 5.9.1;
			};
		};
		25862EBD2BBB7D9700FC4225 /* XCRemoteSwiftPackageReference "SwiftUI-Introspect" */ = {
			isa = XCRemoteSwiftPackageReference;
			repositoryURL = "https://github.com/siteline/SwiftUI-Introspect";
			requirement = {
				kind = upToNextMajorVersion;
				minimumVersion = 1.1.3;
			};
		};
		6916B3982BAAE60B009A8670 /* XCRemoteSwiftPackageReference "Kingfisher" */ = {
			isa = XCRemoteSwiftPackageReference;
			repositoryURL = "https://github.com/onevcat/Kingfisher";
			requirement = {
				kind = upToNextMajorVersion;
				minimumVersion = 7.11.0;
			};
		};
		E457A04D2BCA6A7B003DFB9F /* XCRemoteSwiftPackageReference "KeychainAccess" */ = {
			isa = XCRemoteSwiftPackageReference;
			repositoryURL = "https://github.com/kishikawakatsumi/KeychainAccess";
			requirement = {
				kind = upToNextMajorVersion;
				minimumVersion = 4.2.2;
			};
		};
		E49366212BBD05830093D286 /* XCRemoteSwiftPackageReference "Nuke" */ = {
			isa = XCRemoteSwiftPackageReference;
			repositoryURL = "https://github.com/kean/Nuke";
			requirement = {
				kind = upToNextMajorVersion;
				minimumVersion = 12.5.0;
			};
		};
/* End XCRemoteSwiftPackageReference section */

/* Begin XCSwiftPackageProductDependency section */
		251FE4292BC79C85008C3254 /* Alamofire */ = {
			isa = XCSwiftPackageProductDependency;
			package = 251FE4282BC79C85008C3254 /* XCRemoteSwiftPackageReference "Alamofire" */;
			productName = Alamofire;
		};
		25862EBE2BBB7D9700FC4225 /* SwiftUIIntrospect */ = {
			isa = XCSwiftPackageProductDependency;
			package = 25862EBD2BBB7D9700FC4225 /* XCRemoteSwiftPackageReference "SwiftUI-Introspect" */;
			productName = SwiftUIIntrospect;
		};
		6916B3992BAAE60B009A8670 /* Kingfisher */ = {
			isa = XCSwiftPackageProductDependency;
			package = 6916B3982BAAE60B009A8670 /* XCRemoteSwiftPackageReference "Kingfisher" */;
			productName = Kingfisher;
		};
		E457A04E2BCA6A7B003DFB9F /* KeychainAccess */ = {
			isa = XCSwiftPackageProductDependency;
			package = E457A04D2BCA6A7B003DFB9F /* XCRemoteSwiftPackageReference "KeychainAccess" */;
			productName = KeychainAccess;
		};
		E49366222BBD05830093D286 /* Nuke */ = {
			isa = XCSwiftPackageProductDependency;
			package = E49366212BBD05830093D286 /* XCRemoteSwiftPackageReference "Nuke" */;
			productName = Nuke;
		};
		E49366242BBD05830093D286 /* NukeUI */ = {
			isa = XCSwiftPackageProductDependency;
			package = E49366212BBD05830093D286 /* XCRemoteSwiftPackageReference "Nuke" */;
			productName = NukeUI;
		};
/* End XCSwiftPackageProductDependency section */
	};
	rootObject = E4C6BE072B6F68ED003B56AD /* Project object */;
}
